Microsoft Visual Studio Solution File, Format Version 12.00
# Visual Studio Version 17
VisualStudioVersion = 17.2.32210.308
MinimumVisualStudioVersion = 15.0.26124.0
Project("{9A19103F-16F7-4668-BE54-9A1E7A4F7556}") = "Demo", "Demo\Demo.csproj", "{91E6B58F-D8A6-4C83-A341-E65C8852EBE2}"
EndProject
Project("{2150E333-8FDC-42A3-9474-1A3956D46DE8}") = "Solution Items", "Solution Items", "{BADA71DC-7FFD-4EDC-9F28-FB74AEADC713}"
	ProjectSection(SolutionItems) = preProject
		.editorconfig = .editorconfig
		.gitignore = .gitignore
		.vsconfig = .vsconfig
		Directory.Build.props = Directory.Build.props
		Directory.Build.targets = Directory.Build.targets
		Directory.Packages.props = Directory.Packages.props
		global.json = global.json
	EndProjectSection
EndProject
Project("{FAE04EC0-301F-11D3-BF4B-00C04F79EFBC}") = "P42.Uno.WebView2Extensions", "P42.Uno.WebView2Extensions\P42.Uno.WebView2Extensions.csproj", "{CA2F6F06-0FF8-4C1E-A6A2-41BEB8DF7D0D}"
EndProject
Project("{FAE04EC0-301F-11D3-BF4B-00C04F79EFBC}") = "P42.Uno.HtmlExtensions", "P42.Uno.HtmlExtensions\P42.Uno.HtmlExtensions.csproj", "{D85F95D9-48C1-4D7A-8CAA-817A3E66D4B6}"
EndProject
Project("{FAE04EC0-301F-11D3-BF4B-00C04F79EFBC}") = "P42.Uno.MarkdownExtensions", "P42.Uno.MarkdownExtensions\P42.Uno.MarkdownExtensions.csproj", "{B9CF4C73-C598-4C87-8D57-A9631CEF5280}"
EndProject
Project("{FAE04EC0-301F-11D3-BF4B-00C04F79EFBC}") = "DevApp", "Demo\DevApp.csproj", "{07F11703-5844-63A3-240A-B2ED7B20BD85}"
EndProject
Global
	GlobalSection(SolutionConfigurationPlatforms) = preSolution
		Debug|Any CPU = Debug|Any CPU
		Debug|ARM = Debug|ARM
		Debug|ARM64 = Debug|ARM64
		Debug|iPhone = Debug|iPhone
		Debug|iPhoneSimulator = Debug|iPhoneSimulator
		Debug|x64 = Debug|x64
		Debug|x86 = Debug|x86
		Release|Any CPU = Release|Any CPU
		Release|ARM = Release|ARM
		Release|ARM64 = Release|ARM64
		Release|iPhone = Release|iPhone
		Release|iPhoneSimulator = Release|iPhoneSimulator
		Release|x64 = Release|x64
		Release|x86 = Release|x86
	EndGlobalSection
	GlobalSection(ProjectConfigurationPlatforms) = postSolution
		{91E6B58F-D8A6-4C83-A341-E65C8852EBE2}.Debug|Any CPU.ActiveCfg = Debug|Any CPU
		{91E6B58F-D8A6-4C83-A341-E65C8852EBE2}.Debug|Any CPU.Build.0 = Debug|Any CPU
		{91E6B58F-D8A6-4C83-A341-E65C8852EBE2}.Debug|Any CPU.Deploy.0 = Debug|Any CPU
		{91E6B58F-D8A6-4C83-A341-E65C8852EBE2}.Debug|ARM.ActiveCfg = Debug|Any CPU
		{91E6B58F-D8A6-4C83-A341-E65C8852EBE2}.Debug|ARM.Build.0 = Debug|Any CPU
		{91E6B58F-D8A6-4C83-A341-E65C8852EBE2}.Debug|ARM.Deploy.0 = Debug|Any CPU
		{91E6B58F-D8A6-4C83-A341-E65C8852EBE2}.Debug|ARM64.ActiveCfg = Debug|Any CPU
		{91E6B58F-D8A6-4C83-A341-E65C8852EBE2}.Debug|ARM64.Build.0 = Debug|Any CPU
		{91E6B58F-D8A6-4C83-A341-E65C8852EBE2}.Debug|ARM64.Deploy.0 = Debug|Any CPU
		{91E6B58F-D8A6-4C83-A341-E65C8852EBE2}.Debug|iPhone.ActiveCfg = Debug|Any CPU
		{91E6B58F-D8A6-4C83-A341-E65C8852EBE2}.Debug|iPhone.Build.0 = Debug|Any CPU
		{91E6B58F-D8A6-4C83-A341-E65C8852EBE2}.Debug|iPhone.Deploy.0 = Debug|Any CPU
		{91E6B58F-D8A6-4C83-A341-E65C8852EBE2}.Debug|iPhoneSimulator.ActiveCfg = Debug|Any CPU
		{91E6B58F-D8A6-4C83-A341-E65C8852EBE2}.Debug|iPhoneSimulator.Build.0 = Debug|Any CPU
		{91E6B58F-D8A6-4C83-A341-E65C8852EBE2}.Debug|iPhoneSimulator.Deploy.0 = Debug|Any CPU
		{91E6B58F-D8A6-4C83-A341-E65C8852EBE2}.Debug|x64.ActiveCfg = Debug|Any CPU
		{91E6B58F-D8A6-4C83-A341-E65C8852EBE2}.Debug|x64.Build.0 = Debug|Any CPU
		{91E6B58F-D8A6-4C83-A341-E65C8852EBE2}.Debug|x64.Deploy.0 = Debug|Any CPU
		{91E6B58F-D8A6-4C83-A341-E65C8852EBE2}.Debug|x86.ActiveCfg = Debug|Any CPU
		{91E6B58F-D8A6-4C83-A341-E65C8852EBE2}.Debug|x86.Build.0 = Debug|Any CPU
		{91E6B58F-D8A6-4C83-A341-E65C8852EBE2}.Debug|x86.Deploy.0 = Debug|Any CPU
		{91E6B58F-D8A6-4C83-A341-E65C8852EBE2}.Release|Any CPU.ActiveCfg = Release|Any CPU
		{91E6B58F-D8A6-4C83-A341-E65C8852EBE2}.Release|Any CPU.Build.0 = Release|Any CPU
		{91E6B58F-D8A6-4C83-A341-E65C8852EBE2}.Release|Any CPU.Deploy.0 = Release|Any CPU
		{91E6B58F-D8A6-4C83-A341-E65C8852EBE2}.Release|ARM.ActiveCfg = Release|Any CPU
		{91E6B58F-D8A6-4C83-A341-E65C8852EBE2}.Release|ARM.Build.0 = Release|Any CPU
		{91E6B58F-D8A6-4C83-A341-E65C8852EBE2}.Release|ARM.Deploy.0 = Release|Any CPU
		{91E6B58F-D8A6-4C83-A341-E65C8852EBE2}.Release|ARM64.ActiveCfg = Release|Any CPU
		{91E6B58F-D8A6-4C83-A341-E65C8852EBE2}.Release|ARM64.Build.0 = Release|Any CPU
		{91E6B58F-D8A6-4C83-A341-E65C8852EBE2}.Release|ARM64.Deploy.0 = Release|Any CPU
		{91E6B58F-D8A6-4C83-A341-E65C8852EBE2}.Release|iPhone.ActiveCfg = Release|Any CPU
		{91E6B58F-D8A6-4C83-A341-E65C8852EBE2}.Release|iPhone.Build.0 = Release|Any CPU
		{91E6B58F-D8A6-4C83-A341-E65C8852EBE2}.Release|iPhone.Deploy.0 = Release|Any CPU
		{91E6B58F-D8A6-4C83-A341-E65C8852EBE2}.Release|iPhoneSimulator.ActiveCfg = Release|Any CPU
		{91E6B58F-D8A6-4C83-A341-E65C8852EBE2}.Release|iPhoneSimulator.Build.0 = Release|Any CPU
		{91E6B58F-D8A6-4C83-A341-E65C8852EBE2}.Release|iPhoneSimulator.Deploy.0 = Release|Any CPU
		{91E6B58F-D8A6-4C83-A341-E65C8852EBE2}.Release|x64.ActiveCfg = Release|Any CPU
		{91E6B58F-D8A6-4C83-A341-E65C8852EBE2}.Release|x64.Build.0 = Release|Any CPU
		{91E6B58F-D8A6-4C83-A341-E65C8852EBE2}.Release|x64.Deploy.0 = Release|Any CPU
		{91E6B58F-D8A6-4C83-A341-E65C8852EBE2}.Release|x86.ActiveCfg = Release|Any CPU
		{91E6B58F-D8A6-4C83-A341-E65C8852EBE2}.Release|x86.Build.0 = Release|Any CPU
		{91E6B58F-D8A6-4C83-A341-E65C8852EBE2}.Release|x86.Deploy.0 = Release|Any CPU
		{CA2F6F06-0FF8-4C1E-A6A2-41BEB8DF7D0D}.Debug|Any CPU.ActiveCfg = Debug|Any CPU
		{CA2F6F06-0FF8-4C1E-A6A2-41BEB8DF7D0D}.Debug|Any CPU.Build.0 = Debug|Any CPU
		{CA2F6F06-0FF8-4C1E-A6A2-41BEB8DF7D0D}.Debug|ARM.ActiveCfg = Debug|Any CPU
		{CA2F6F06-0FF8-4C1E-A6A2-41BEB8DF7D0D}.Debug|ARM.Build.0 = Debug|Any CPU
		{CA2F6F06-0FF8-4C1E-A6A2-41BEB8DF7D0D}.Debug|ARM64.ActiveCfg = Debug|Any CPU
		{CA2F6F06-0FF8-4C1E-A6A2-41BEB8DF7D0D}.Debug|ARM64.Build.0 = Debug|Any CPU
		{CA2F6F06-0FF8-4C1E-A6A2-41BEB8DF7D0D}.Debug|iPhone.ActiveCfg = Debug|Any CPU
		{CA2F6F06-0FF8-4C1E-A6A2-41BEB8DF7D0D}.Debug|iPhone.Build.0 = Debug|Any CPU
		{CA2F6F06-0FF8-4C1E-A6A2-41BEB8DF7D0D}.Debug|iPhoneSimulator.ActiveCfg = Debug|Any CPU
		{CA2F6F06-0FF8-4C1E-A6A2-41BEB8DF7D0D}.Debug|iPhoneSimulator.Build.0 = Debug|Any CPU
		{CA2F6F06-0FF8-4C1E-A6A2-41BEB8DF7D0D}.Debug|x64.ActiveCfg = Debug|Any CPU
		{CA2F6F06-0FF8-4C1E-A6A2-41BEB8DF7D0D}.Debug|x64.Build.0 = Debug|Any CPU
		{CA2F6F06-0FF8-4C1E-A6A2-41BEB8DF7D0D}.Debug|x86.ActiveCfg = Debug|Any CPU
		{CA2F6F06-0FF8-4C1E-A6A2-41BEB8DF7D0D}.Debug|x86.Build.0 = Debug|Any CPU
		{CA2F6F06-0FF8-4C1E-A6A2-41BEB8DF7D0D}.Release|Any CPU.ActiveCfg = Release|Any CPU
		{CA2F6F06-0FF8-4C1E-A6A2-41BEB8DF7D0D}.Release|Any CPU.Build.0 = Release|Any CPU
		{CA2F6F06-0FF8-4C1E-A6A2-41BEB8DF7D0D}.Release|ARM.ActiveCfg = Release|Any CPU
		{CA2F6F06-0FF8-4C1E-A6A2-41BEB8DF7D0D}.Release|ARM.Build.0 = Release|Any CPU
		{CA2F6F06-0FF8-4C1E-A6A2-41BEB8DF7D0D}.Release|ARM64.ActiveCfg = Release|Any CPU
		{CA2F6F06-0FF8-4C1E-A6A2-41BEB8DF7D0D}.Release|ARM64.Build.0 = Release|Any CPU
		{CA2F6F06-0FF8-4C1E-A6A2-41BEB8DF7D0D}.Release|iPhone.ActiveCfg = Release|Any CPU
		{CA2F6F06-0FF8-4C1E-A6A2-41BEB8DF7D0D}.Release|iPhone.Build.0 = Release|Any CPU
		{CA2F6F06-0FF8-4C1E-A6A2-41BEB8DF7D0D}.Release|iPhoneSimulator.ActiveCfg = Release|Any CPU
		{CA2F6F06-0FF8-4C1E-A6A2-41BEB8DF7D0D}.Release|iPhoneSimulator.Build.0 = Release|Any CPU
		{CA2F6F06-0FF8-4C1E-A6A2-41BEB8DF7D0D}.Release|x64.ActiveCfg = Release|Any CPU
		{CA2F6F06-0FF8-4C1E-A6A2-41BEB8DF7D0D}.Release|x64.Build.0 = Release|Any CPU
		{CA2F6F06-0FF8-4C1E-A6A2-41BEB8DF7D0D}.Release|x86.ActiveCfg = Release|Any CPU
		{CA2F6F06-0FF8-4C1E-A6A2-41BEB8DF7D0D}.Release|x86.Build.0 = Release|Any CPU
		{D85F95D9-48C1-4D7A-8CAA-817A3E66D4B6}.Debug|Any CPU.ActiveCfg = Debug|Any CPU
		{D85F95D9-48C1-4D7A-8CAA-817A3E66D4B6}.Debug|Any CPU.Build.0 = Debug|Any CPU
		{D85F95D9-48C1-4D7A-8CAA-817A3E66D4B6}.Debug|ARM.ActiveCfg = Debug|Any CPU
		{D85F95D9-48C1-4D7A-8CAA-817A3E66D4B6}.Debug|ARM.Build.0 = Debug|Any CPU
		{D85F95D9-48C1-4D7A-8CAA-817A3E66D4B6}.Debug|ARM64.ActiveCfg = Debug|Any CPU
		{D85F95D9-48C1-4D7A-8CAA-817A3E66D4B6}.Debug|ARM64.Build.0 = Debug|Any CPU
		{D85F95D9-48C1-4D7A-8CAA-817A3E66D4B6}.Debug|iPhone.ActiveCfg = Debug|Any CPU
		{D85F95D9-48C1-4D7A-8CAA-817A3E66D4B6}.Debug|iPhone.Build.0 = Debug|Any CPU
		{D85F95D9-48C1-4D7A-8CAA-817A3E66D4B6}.Debug|iPhoneSimulator.ActiveCfg = Debug|Any CPU
		{D85F95D9-48C1-4D7A-8CAA-817A3E66D4B6}.Debug|iPhoneSimulator.Build.0 = Debug|Any CPU
		{D85F95D9-48C1-4D7A-8CAA-817A3E66D4B6}.Debug|x64.ActiveCfg = Debug|Any CPU
		{D85F95D9-48C1-4D7A-8CAA-817A3E66D4B6}.Debug|x64.Build.0 = Debug|Any CPU
		{D85F95D9-48C1-4D7A-8CAA-817A3E66D4B6}.Debug|x86.ActiveCfg = Debug|Any CPU
		{D85F95D9-48C1-4D7A-8CAA-817A3E66D4B6}.Debug|x86.Build.0 = Debug|Any CPU
		{D85F95D9-48C1-4D7A-8CAA-817A3E66D4B6}.Release|Any CPU.ActiveCfg = Release|Any CPU
		{D85F95D9-48C1-4D7A-8CAA-817A3E66D4B6}.Release|Any CPU.Build.0 = Release|Any CPU
		{D85F95D9-48C1-4D7A-8CAA-817A3E66D4B6}.Release|ARM.ActiveCfg = Release|Any CPU
		{D85F95D9-48C1-4D7A-8CAA-817A3E66D4B6}.Release|ARM.Build.0 = Release|Any CPU
		{D85F95D9-48C1-4D7A-8CAA-817A3E66D4B6}.Release|ARM64.ActiveCfg = Release|Any CPU
		{D85F95D9-48C1-4D7A-8CAA-817A3E66D4B6}.Release|ARM64.Build.0 = Release|Any CPU
		{D85F95D9-48C1-4D7A-8CAA-817A3E66D4B6}.Release|iPhone.ActiveCfg = Release|Any CPU
		{D85F95D9-48C1-4D7A-8CAA-817A3E66D4B6}.Release|iPhone.Build.0 = Release|Any CPU
		{D85F95D9-48C1-4D7A-8CAA-817A3E66D4B6}.Release|iPhoneSimulator.ActiveCfg = Release|Any CPU
		{D85F95D9-48C1-4D7A-8CAA-817A3E66D4B6}.Release|iPhoneSimulator.Build.0 = Release|Any CPU
		{D85F95D9-48C1-4D7A-8CAA-817A3E66D4B6}.Release|x64.ActiveCfg = Release|Any CPU
		{D85F95D9-48C1-4D7A-8CAA-817A3E66D4B6}.Release|x64.Build.0 = Release|Any CPU
		{D85F95D9-48C1-4D7A-8CAA-817A3E66D4B6}.Release|x86.ActiveCfg = Release|Any CPU
		{D85F95D9-48C1-4D7A-8CAA-817A3E66D4B6}.Release|x86.Build.0 = Release|Any CPU
		{B9CF4C73-C598-4C87-8D57-A9631CEF5280}.Debug|Any CPU.ActiveCfg = Debug|Any CPU
		{B9CF4C73-C598-4C87-8D57-A9631CEF5280}.Debug|Any CPU.Build.0 = Debug|Any CPU
		{B9CF4C73-C598-4C87-8D57-A9631CEF5280}.Debug|ARM.ActiveCfg = Debug|Any CPU
		{B9CF4C73-C598-4C87-8D57-A9631CEF5280}.Debug|ARM.Build.0 = Debug|Any CPU
		{B9CF4C73-C598-4C87-8D57-A9631CEF5280}.Debug|ARM64.ActiveCfg = Debug|Any CPU
		{B9CF4C73-C598-4C87-8D57-A9631CEF5280}.Debug|ARM64.Build.0 = Debug|Any CPU
		{B9CF4C73-C598-4C87-8D57-A9631CEF5280}.Debug|iPhone.ActiveCfg = Debug|Any CPU
		{B9CF4C73-C598-4C87-8D57-A9631CEF5280}.Debug|iPhone.Build.0 = Debug|Any CPU
		{B9CF4C73-C598-4C87-8D57-A9631CEF5280}.Debug|iPhoneSimulator.ActiveCfg = Debug|Any CPU
		{B9CF4C73-C598-4C87-8D57-A9631CEF5280}.Debug|iPhoneSimulator.Build.0 = Debug|Any CPU
		{B9CF4C73-C598-4C87-8D57-A9631CEF5280}.Debug|x64.ActiveCfg = Debug|Any CPU
		{B9CF4C73-C598-4C87-8D57-A9631CEF5280}.Debug|x64.Build.0 = Debug|Any CPU
		{B9CF4C73-C598-4C87-8D57-A9631CEF5280}.Debug|x86.ActiveCfg = Debug|Any CPU
		{B9CF4C73-C598-4C87-8D57-A9631CEF5280}.Debug|x86.Build.0 = Debug|Any CPU
		{B9CF4C73-C598-4C87-8D57-A9631CEF5280}.Release|Any CPU.ActiveCfg = Release|Any CPU
		{B9CF4C73-C598-4C87-8D57-A9631CEF5280}.Release|Any CPU.Build.0 = Release|Any CPU
		{B9CF4C73-C598-4C87-8D57-A9631CEF5280}.Release|ARM.ActiveCfg = Release|Any CPU
		{B9CF4C73-C598-4C87-8D57-A9631CEF5280}.Release|ARM.Build.0 = Release|Any CPU
		{B9CF4C73-C598-4C87-8D57-A9631CEF5280}.Release|ARM64.ActiveCfg = Release|Any CPU
		{B9CF4C73-C598-4C87-8D57-A9631CEF5280}.Release|ARM64.Build.0 = Release|Any CPU
		{B9CF4C73-C598-4C87-8D57-A9631CEF5280}.Release|iPhone.ActiveCfg = Release|Any CPU
		{B9CF4C73-C598-4C87-8D57-A9631CEF5280}.Release|iPhone.Build.0 = Release|Any CPU
		{B9CF4C73-C598-4C87-8D57-A9631CEF5280}.Release|iPhoneSimulator.ActiveCfg = Release|Any CPU
		{B9CF4C73-C598-4C87-8D57-A9631CEF5280}.Release|iPhoneSimulator.Build.0 = Release|Any CPU
		{B9CF4C73-C598-4C87-8D57-A9631CEF5280}.Release|x64.ActiveCfg = Release|Any CPU
		{B9CF4C73-C598-4C87-8D57-A9631CEF5280}.Release|x64.Build.0 = Release|Any CPU
		{B9CF4C73-C598-4C87-8D57-A9631CEF5280}.Release|x86.ActiveCfg = Release|Any CPU
		{B9CF4C73-C598-4C87-8D57-A9631CEF5280}.Release|x86.Build.0 = Release|Any CPU
		{07F11703-5844-63A3-240A-B2ED7B20BD85}.Debug|Any CPU.ActiveCfg = Debug|Any CPU
		{07F11703-5844-63A3-240A-B2ED7B20BD85}.Debug|Any CPU.Build.0 = Debug|Any CPU
		{07F11703-5844-63A3-240A-B2ED7B20BD85}.Debug|ARM.ActiveCfg = Debug|Any CPU
		{07F11703-5844-63A3-240A-B2ED7B20BD85}.Debug|ARM.Build.0 = Debug|Any CPU
		{07F11703-5844-63A3-240A-B2ED7B20BD85}.Debug|ARM64.ActiveCfg = Debug|Any CPU
		{07F11703-5844-63A3-240A-B2ED7B20BD85}.Debug|ARM64.Build.0 = Debug|Any CPU
		{07F11703-5844-63A3-240A-B2ED7B20BD85}.Debug|iPhone.ActiveCfg = Debug|Any CPU
		{07F11703-5844-63A3-240A-B2ED7B20BD85}.Debug|iPhone.Build.0 = Debug|Any CPU
		{07F11703-5844-63A3-240A-B2ED7B20BD85}.Debug|iPhoneSimulator.ActiveCfg = Debug|Any CPU
		{07F11703-5844-63A3-240A-B2ED7B20BD85}.Debug|iPhoneSimulator.Build.0 = Debug|Any CPU
		{07F11703-5844-63A3-240A-B2ED7B20BD85}.Debug|x64.ActiveCfg = Debug|Any CPU
		{07F11703-5844-63A3-240A-B2ED7B20BD85}.Debug|x64.Build.0 = Debug|Any CPU
		{07F11703-5844-63A3-240A-B2ED7B20BD85}.Debug|x86.ActiveCfg = Debug|Any CPU
		{07F11703-5844-63A3-240A-B2ED7B20BD85}.Debug|x86.Build.0 = Debug|Any CPU
		{07F11703-5844-63A3-240A-B2ED7B20BD85}.Release|Any CPU.ActiveCfg = Release|Any CPU
		{07F11703-5844-63A3-240A-B2ED7B20BD85}.Release|Any CPU.Build.0 = Release|Any CPU
		{07F11703-5844-63A3-240A-B2ED7B20BD85}.Release|ARM.ActiveCfg = Release|Any CPU
		{07F11703-5844-63A3-240A-B2ED7B20BD85}.Release|ARM.Build.0 = Release|Any CPU
		{07F11703-5844-63A3-240A-B2ED7B20BD85}.Release|ARM64.ActiveCfg = Release|Any CPU
		{07F11703-5844-63A3-240A-B2ED7B20BD85}.Release|ARM64.Build.0 = Release|Any CPU
		{07F11703-5844-63A3-240A-B2ED7B20BD85}.Release|iPhone.ActiveCfg = Release|Any CPU
		{07F11703-5844-63A3-240A-B2ED7B20BD85}.Release|iPhone.Build.0 = Release|Any CPU
		{07F11703-5844-63A3-240A-B2ED7B20BD85}.Release|iPhoneSimulator.ActiveCfg = Release|Any CPU
		{07F11703-5844-63A3-240A-B2ED7B20BD85}.Release|iPhoneSimulator.Build.0 = Release|Any CPU
		{07F11703-5844-63A3-240A-B2ED7B20BD85}.Release|x64.ActiveCfg = Release|Any CPU
		{07F11703-5844-63A3-240A-B2ED7B20BD85}.Release|x64.Build.0 = Release|Any CPU
		{07F11703-5844-63A3-240A-B2ED7B20BD85}.Release|x86.ActiveCfg = Release|Any CPU
		{07F11703-5844-63A3-240A-B2ED7B20BD85}.Release|x86.Build.0 = Release|Any CPU
	EndGlobalSection
	GlobalSection(SolutionProperties) = preSolution
		HideSolutionNode = FALSE
	EndGlobalSection
	GlobalSection(ExtensibilityGlobals) = postSolution
		SolutionGuid = {254876E6-FF07-48D8-9A8B-8A860E766C3C}
	EndGlobalSection
EndGlobal
