
Microsoft Visual Studio Solution File, Format Version 12.00
# Visual Studio Version 17
VisualStudioVersion = 17.3.32929.385
MinimumVisualStudioVersion = 10.0.40219.1
Project("{2150E333-8FDC-42A3-9474-1A3956D46DE8}") = "P42.Uno.HtmlExtensions", "P42.Uno.HtmlExtensions", "{FCECCCC1-0BFC-4541-B167-BDF07B353C29}"
EndProject
Project("{9A19103F-16F7-4668-BE54-9A1E7A4F7556}") = "P42.Uno.HtmlExtensions", "P42.Uno.HtmlExtensions\P42.Uno.HtmlExtensions.csproj", "{A50B0434-CE4D-451C-98C8-1137E48082D7}"
EndProject
Project("{2150E333-8FDC-42A3-9474-1A3956D46DE8}") = "DemoWinUI", "DemoWinUI", "{AEB4225A-073F-40D6-8D37-EB00933923C0}"
EndProject
Project("{D954291E-2A0B-460D-934E-DC6B0785DB48}") = "DemoWinUI.Shared", "DemoWinUI\DemoWinUI.Shared\DemoWinUI.Shared.shproj", "{EF1B48AA-C41E-413F-BF9B-2269E71A862D}"
EndProject
Project("{9A19103F-16F7-4668-BE54-9A1E7A4F7556}") = "DemoWinUI.Wasm", "DemoWinUI\DemoWinUI.Wasm\DemoWinUI.Wasm.csproj", "{4C6DDA63-741A-4D16-84B4-30DAFF52381D}"
EndProject
Project("{9A19103F-16F7-4668-BE54-9A1E7A4F7556}") = "DemoWinUI.Windows", "DemoWinUI\DemoWinUI.Windows\DemoWinUI.Windows.csproj", "{8F3FFEC2-DC73-465C-A6E9-0E47280DF0AC}"
EndProject
Project("{9A19103F-16F7-4668-BE54-9A1E7A4F7556}") = "DemoWinUI.Mobile", "DemoWinUI\DemoWinUI.Mobile\DemoWinUI.Mobile.csproj", "{6EBD8712-8F95-4E70-8B8A-12DC791B92D7}"
EndProject
Global
	GlobalSection(SolutionConfigurationPlatforms) = preSolution
		Ad-Hoc|Any CPU = Ad-Hoc|Any CPU
		Ad-Hoc|ARM = Ad-Hoc|ARM
		Ad-Hoc|ARM64 = Ad-Hoc|ARM64
		Ad-Hoc|iPhone = Ad-Hoc|iPhone
		Ad-Hoc|iPhoneSimulator = Ad-Hoc|iPhoneSimulator
		Ad-Hoc|x64 = Ad-Hoc|x64
		Ad-Hoc|x86 = Ad-Hoc|x86
		AppStore|Any CPU = AppStore|Any CPU
		AppStore|ARM = AppStore|ARM
		AppStore|ARM64 = AppStore|ARM64
		AppStore|iPhone = AppStore|iPhone
		AppStore|iPhoneSimulator = AppStore|iPhoneSimulator
		AppStore|x64 = AppStore|x64
		AppStore|x86 = AppStore|x86
		Debug|Any CPU = Debug|Any CPU
		Debug|ARM = Debug|ARM
		Debug|ARM64 = Debug|ARM64
		Debug|iPhone = Debug|iPhone
		Debug|iPhoneSimulator = Debug|iPhoneSimulator
		Debug|x64 = Debug|x64
		Debug|x86 = Debug|x86
		Release|Any CPU = Release|Any CPU
		Release|ARM = Release|ARM
		Release|ARM64 = Release|ARM64
		Release|iPhone = Release|iPhone
		Release|iPhoneSimulator = Release|iPhoneSimulator
		Release|x64 = Release|x64
		Release|x86 = Release|x86
	EndGlobalSection
	GlobalSection(ProjectConfigurationPlatforms) = postSolution
		{A50B0434-CE4D-451C-98C8-1137E48082D7}.Ad-Hoc|Any CPU.ActiveCfg = Debug|Any CPU
		{A50B0434-CE4D-451C-98C8-1137E48082D7}.Ad-Hoc|Any CPU.Build.0 = Debug|Any CPU
		{A50B0434-CE4D-451C-98C8-1137E48082D7}.Ad-Hoc|ARM.ActiveCfg = Debug|Any CPU
		{A50B0434-CE4D-451C-98C8-1137E48082D7}.Ad-Hoc|ARM.Build.0 = Debug|Any CPU
		{A50B0434-CE4D-451C-98C8-1137E48082D7}.Ad-Hoc|ARM64.ActiveCfg = Debug|Any CPU
		{A50B0434-CE4D-451C-98C8-1137E48082D7}.Ad-Hoc|ARM64.Build.0 = Debug|Any CPU
		{A50B0434-CE4D-451C-98C8-1137E48082D7}.Ad-Hoc|iPhone.ActiveCfg = Debug|Any CPU
		{A50B0434-CE4D-451C-98C8-1137E48082D7}.Ad-Hoc|iPhone.Build.0 = Debug|Any CPU
		{A50B0434-CE4D-451C-98C8-1137E48082D7}.Ad-Hoc|iPhoneSimulator.ActiveCfg = Debug|Any CPU
		{A50B0434-CE4D-451C-98C8-1137E48082D7}.Ad-Hoc|iPhoneSimulator.Build.0 = Debug|Any CPU
		{A50B0434-CE4D-451C-98C8-1137E48082D7}.Ad-Hoc|x64.ActiveCfg = Debug|Any CPU
		{A50B0434-CE4D-451C-98C8-1137E48082D7}.Ad-Hoc|x64.Build.0 = Debug|Any CPU
		{A50B0434-CE4D-451C-98C8-1137E48082D7}.Ad-Hoc|x86.ActiveCfg = Debug|Any CPU
		{A50B0434-CE4D-451C-98C8-1137E48082D7}.Ad-Hoc|x86.Build.0 = Debug|Any CPU
		{A50B0434-CE4D-451C-98C8-1137E48082D7}.AppStore|Any CPU.ActiveCfg = Debug|Any CPU
		{A50B0434-CE4D-451C-98C8-1137E48082D7}.AppStore|Any CPU.Build.0 = Debug|Any CPU
		{A50B0434-CE4D-451C-98C8-1137E48082D7}.AppStore|ARM.ActiveCfg = Debug|Any CPU
		{A50B0434-CE4D-451C-98C8-1137E48082D7}.AppStore|ARM.Build.0 = Debug|Any CPU
		{A50B0434-CE4D-451C-98C8-1137E48082D7}.AppStore|ARM64.ActiveCfg = Debug|Any CPU
		{A50B0434-CE4D-451C-98C8-1137E48082D7}.AppStore|ARM64.Build.0 = Debug|Any CPU
		{A50B0434-CE4D-451C-98C8-1137E48082D7}.AppStore|iPhone.ActiveCfg = Debug|Any CPU
		{A50B0434-CE4D-451C-98C8-1137E48082D7}.AppStore|iPhone.Build.0 = Debug|Any CPU
		{A50B0434-CE4D-451C-98C8-1137E48082D7}.AppStore|iPhoneSimulator.ActiveCfg = Debug|Any CPU
		{A50B0434-CE4D-451C-98C8-1137E48082D7}.AppStore|iPhoneSimulator.Build.0 = Debug|Any CPU
		{A50B0434-CE4D-451C-98C8-1137E48082D7}.AppStore|x64.ActiveCfg = Debug|Any CPU
		{A50B0434-CE4D-451C-98C8-1137E48082D7}.AppStore|x64.Build.0 = Debug|Any CPU
		{A50B0434-CE4D-451C-98C8-1137E48082D7}.AppStore|x86.ActiveCfg = Debug|Any CPU
		{A50B0434-CE4D-451C-98C8-1137E48082D7}.AppStore|x86.Build.0 = Debug|Any CPU
		{A50B0434-CE4D-451C-98C8-1137E48082D7}.Debug|Any CPU.ActiveCfg = Debug|Any CPU
		{A50B0434-CE4D-451C-98C8-1137E48082D7}.Debug|Any CPU.Build.0 = Debug|Any CPU
		{A50B0434-CE4D-451C-98C8-1137E48082D7}.Debug|ARM.ActiveCfg = Debug|Any CPU
		{A50B0434-CE4D-451C-98C8-1137E48082D7}.Debug|ARM.Build.0 = Debug|Any CPU
		{A50B0434-CE4D-451C-98C8-1137E48082D7}.Debug|ARM64.ActiveCfg = Debug|Any CPU
		{A50B0434-CE4D-451C-98C8-1137E48082D7}.Debug|ARM64.Build.0 = Debug|Any CPU
		{A50B0434-CE4D-451C-98C8-1137E48082D7}.Debug|iPhone.ActiveCfg = Debug|Any CPU
		{A50B0434-CE4D-451C-98C8-1137E48082D7}.Debug|iPhone.Build.0 = Debug|Any CPU
		{A50B0434-CE4D-451C-98C8-1137E48082D7}.Debug|iPhoneSimulator.ActiveCfg = Debug|Any CPU
		{A50B0434-CE4D-451C-98C8-1137E48082D7}.Debug|iPhoneSimulator.Build.0 = Debug|Any CPU
		{A50B0434-CE4D-451C-98C8-1137E48082D7}.Debug|x64.ActiveCfg = Debug|Any CPU
		{A50B0434-CE4D-451C-98C8-1137E48082D7}.Debug|x64.Build.0 = Debug|Any CPU
		{A50B0434-CE4D-451C-98C8-1137E48082D7}.Debug|x86.ActiveCfg = Debug|Any CPU
		{A50B0434-CE4D-451C-98C8-1137E48082D7}.Debug|x86.Build.0 = Debug|Any CPU
		{A50B0434-CE4D-451C-98C8-1137E48082D7}.Release|Any CPU.ActiveCfg = Release|Any CPU
		{A50B0434-CE4D-451C-98C8-1137E48082D7}.Release|Any CPU.Build.0 = Release|Any CPU
		{A50B0434-CE4D-451C-98C8-1137E48082D7}.Release|ARM.ActiveCfg = Release|Any CPU
		{A50B0434-CE4D-451C-98C8-1137E48082D7}.Release|ARM.Build.0 = Release|Any CPU
		{A50B0434-CE4D-451C-98C8-1137E48082D7}.Release|ARM64.ActiveCfg = Release|Any CPU
		{A50B0434-CE4D-451C-98C8-1137E48082D7}.Release|ARM64.Build.0 = Release|Any CPU
		{A50B0434-CE4D-451C-98C8-1137E48082D7}.Release|iPhone.ActiveCfg = Release|Any CPU
		{A50B0434-CE4D-451C-98C8-1137E48082D7}.Release|iPhone.Build.0 = Release|Any CPU
		{A50B0434-CE4D-451C-98C8-1137E48082D7}.Release|iPhoneSimulator.ActiveCfg = Release|Any CPU
		{A50B0434-CE4D-451C-98C8-1137E48082D7}.Release|iPhoneSimulator.Build.0 = Release|Any CPU
		{A50B0434-CE4D-451C-98C8-1137E48082D7}.Release|x64.ActiveCfg = Release|Any CPU
		{A50B0434-CE4D-451C-98C8-1137E48082D7}.Release|x64.Build.0 = Release|Any CPU
		{A50B0434-CE4D-451C-98C8-1137E48082D7}.Release|x86.ActiveCfg = Release|Any CPU
		{A50B0434-CE4D-451C-98C8-1137E48082D7}.Release|x86.Build.0 = Release|Any CPU
		{4C6DDA63-741A-4D16-84B4-30DAFF52381D}.Ad-Hoc|Any CPU.ActiveCfg = Debug|Any CPU
		{4C6DDA63-741A-4D16-84B4-30DAFF52381D}.Ad-Hoc|Any CPU.Build.0 = Debug|Any CPU
		{4C6DDA63-741A-4D16-84B4-30DAFF52381D}.Ad-Hoc|ARM.ActiveCfg = Debug|Any CPU
		{4C6DDA63-741A-4D16-84B4-30DAFF52381D}.Ad-Hoc|ARM.Build.0 = Debug|Any CPU
		{4C6DDA63-741A-4D16-84B4-30DAFF52381D}.Ad-Hoc|ARM64.ActiveCfg = Debug|Any CPU
		{4C6DDA63-741A-4D16-84B4-30DAFF52381D}.Ad-Hoc|ARM64.Build.0 = Debug|Any CPU
		{4C6DDA63-741A-4D16-84B4-30DAFF52381D}.Ad-Hoc|iPhone.ActiveCfg = Debug|Any CPU
		{4C6DDA63-741A-4D16-84B4-30DAFF52381D}.Ad-Hoc|iPhone.Build.0 = Debug|Any CPU
		{4C6DDA63-741A-4D16-84B4-30DAFF52381D}.Ad-Hoc|iPhoneSimulator.ActiveCfg = Debug|Any CPU
		{4C6DDA63-741A-4D16-84B4-30DAFF52381D}.Ad-Hoc|iPhoneSimulator.Build.0 = Debug|Any CPU
		{4C6DDA63-741A-4D16-84B4-30DAFF52381D}.Ad-Hoc|x64.ActiveCfg = Debug|Any CPU
		{4C6DDA63-741A-4D16-84B4-30DAFF52381D}.Ad-Hoc|x64.Build.0 = Debug|Any CPU
		{4C6DDA63-741A-4D16-84B4-30DAFF52381D}.Ad-Hoc|x86.ActiveCfg = Debug|Any CPU
		{4C6DDA63-741A-4D16-84B4-30DAFF52381D}.Ad-Hoc|x86.Build.0 = Debug|Any CPU
		{4C6DDA63-741A-4D16-84B4-30DAFF52381D}.AppStore|Any CPU.ActiveCfg = Debug|Any CPU
		{4C6DDA63-741A-4D16-84B4-30DAFF52381D}.AppStore|Any CPU.Build.0 = Debug|Any CPU
		{4C6DDA63-741A-4D16-84B4-30DAFF52381D}.AppStore|ARM.ActiveCfg = Debug|Any CPU
		{4C6DDA63-741A-4D16-84B4-30DAFF52381D}.AppStore|ARM.Build.0 = Debug|Any CPU
		{4C6DDA63-741A-4D16-84B4-30DAFF52381D}.AppStore|ARM64.ActiveCfg = Debug|Any CPU
		{4C6DDA63-741A-4D16-84B4-30DAFF52381D}.AppStore|ARM64.Build.0 = Debug|Any CPU
		{4C6DDA63-741A-4D16-84B4-30DAFF52381D}.AppStore|iPhone.ActiveCfg = Debug|Any CPU
		{4C6DDA63-741A-4D16-84B4-30DAFF52381D}.AppStore|iPhone.Build.0 = Debug|Any CPU
		{4C6DDA63-741A-4D16-84B4-30DAFF52381D}.AppStore|iPhoneSimulator.ActiveCfg = Debug|Any CPU
		{4C6DDA63-741A-4D16-84B4-30DAFF52381D}.AppStore|iPhoneSimulator.Build.0 = Debug|Any CPU
		{4C6DDA63-741A-4D16-84B4-30DAFF52381D}.AppStore|x64.ActiveCfg = Debug|Any CPU
		{4C6DDA63-741A-4D16-84B4-30DAFF52381D}.AppStore|x64.Build.0 = Debug|Any CPU
		{4C6DDA63-741A-4D16-84B4-30DAFF52381D}.AppStore|x86.ActiveCfg = Debug|Any CPU
		{4C6DDA63-741A-4D16-84B4-30DAFF52381D}.AppStore|x86.Build.0 = Debug|Any CPU
		{4C6DDA63-741A-4D16-84B4-30DAFF52381D}.Debug|Any CPU.ActiveCfg = Debug|Any CPU
		{4C6DDA63-741A-4D16-84B4-30DAFF52381D}.Debug|Any CPU.Build.0 = Debug|Any CPU
		{4C6DDA63-741A-4D16-84B4-30DAFF52381D}.Debug|ARM.ActiveCfg = Debug|Any CPU
		{4C6DDA63-741A-4D16-84B4-30DAFF52381D}.Debug|ARM.Build.0 = Debug|Any CPU
		{4C6DDA63-741A-4D16-84B4-30DAFF52381D}.Debug|ARM64.ActiveCfg = Debug|Any CPU
		{4C6DDA63-741A-4D16-84B4-30DAFF52381D}.Debug|ARM64.Build.0 = Debug|Any CPU
		{4C6DDA63-741A-4D16-84B4-30DAFF52381D}.Debug|iPhone.ActiveCfg = Debug|Any CPU
		{4C6DDA63-741A-4D16-84B4-30DAFF52381D}.Debug|iPhone.Build.0 = Debug|Any CPU
		{4C6DDA63-741A-4D16-84B4-30DAFF52381D}.Debug|iPhoneSimulator.ActiveCfg = Debug|Any CPU
		{4C6DDA63-741A-4D16-84B4-30DAFF52381D}.Debug|iPhoneSimulator.Build.0 = Debug|Any CPU
		{4C6DDA63-741A-4D16-84B4-30DAFF52381D}.Debug|x64.ActiveCfg = Debug|Any CPU
		{4C6DDA63-741A-4D16-84B4-30DAFF52381D}.Debug|x64.Build.0 = Debug|Any CPU
		{4C6DDA63-741A-4D16-84B4-30DAFF52381D}.Debug|x86.ActiveCfg = Debug|Any CPU
		{4C6DDA63-741A-4D16-84B4-30DAFF52381D}.Debug|x86.Build.0 = Debug|Any CPU
		{4C6DDA63-741A-4D16-84B4-30DAFF52381D}.Release|Any CPU.ActiveCfg = Release|Any CPU
		{4C6DDA63-741A-4D16-84B4-30DAFF52381D}.Release|Any CPU.Build.0 = Release|Any CPU
		{4C6DDA63-741A-4D16-84B4-30DAFF52381D}.Release|ARM.ActiveCfg = Release|Any CPU
		{4C6DDA63-741A-4D16-84B4-30DAFF52381D}.Release|ARM.Build.0 = Release|Any CPU
		{4C6DDA63-741A-4D16-84B4-30DAFF52381D}.Release|ARM64.ActiveCfg = Release|Any CPU
		{4C6DDA63-741A-4D16-84B4-30DAFF52381D}.Release|ARM64.Build.0 = Release|Any CPU
		{4C6DDA63-741A-4D16-84B4-30DAFF52381D}.Release|iPhone.ActiveCfg = Release|Any CPU
		{4C6DDA63-741A-4D16-84B4-30DAFF52381D}.Release|iPhone.Build.0 = Release|Any CPU
		{4C6DDA63-741A-4D16-84B4-30DAFF52381D}.Release|iPhoneSimulator.ActiveCfg = Release|Any CPU
		{4C6DDA63-741A-4D16-84B4-30DAFF52381D}.Release|iPhoneSimulator.Build.0 = Release|Any CPU
		{4C6DDA63-741A-4D16-84B4-30DAFF52381D}.Release|x64.ActiveCfg = Release|Any CPU
		{4C6DDA63-741A-4D16-84B4-30DAFF52381D}.Release|x64.Build.0 = Release|Any CPU
		{4C6DDA63-741A-4D16-84B4-30DAFF52381D}.Release|x86.ActiveCfg = Release|Any CPU
		{4C6DDA63-741A-4D16-84B4-30DAFF52381D}.Release|x86.Build.0 = Release|Any CPU
		{8F3FFEC2-DC73-465C-A6E9-0E47280DF0AC}.Ad-Hoc|Any CPU.ActiveCfg = Debug|x64
		{8F3FFEC2-DC73-465C-A6E9-0E47280DF0AC}.Ad-Hoc|Any CPU.Build.0 = Debug|x64
		{8F3FFEC2-DC73-465C-A6E9-0E47280DF0AC}.Ad-Hoc|Any CPU.Deploy.0 = Debug|x64
		{8F3FFEC2-DC73-465C-A6E9-0E47280DF0AC}.Ad-Hoc|ARM.ActiveCfg = Debug|x64
		{8F3FFEC2-DC73-465C-A6E9-0E47280DF0AC}.Ad-Hoc|ARM.Build.0 = Debug|x64
		{8F3FFEC2-DC73-465C-A6E9-0E47280DF0AC}.Ad-Hoc|ARM.Deploy.0 = Debug|x64
		{8F3FFEC2-DC73-465C-A6E9-0E47280DF0AC}.Ad-Hoc|ARM64.ActiveCfg = Debug|arm64
		{8F3FFEC2-DC73-465C-A6E9-0E47280DF0AC}.Ad-Hoc|ARM64.Build.0 = Debug|arm64
		{8F3FFEC2-DC73-465C-A6E9-0E47280DF0AC}.Ad-Hoc|ARM64.Deploy.0 = Debug|arm64
		{8F3FFEC2-DC73-465C-A6E9-0E47280DF0AC}.Ad-Hoc|iPhone.ActiveCfg = Debug|x64
		{8F3FFEC2-DC73-465C-A6E9-0E47280DF0AC}.Ad-Hoc|iPhone.Build.0 = Debug|x64
		{8F3FFEC2-DC73-465C-A6E9-0E47280DF0AC}.Ad-Hoc|iPhone.Deploy.0 = Debug|x64
		{8F3FFEC2-DC73-465C-A6E9-0E47280DF0AC}.Ad-Hoc|iPhoneSimulator.ActiveCfg = Debug|x64
		{8F3FFEC2-DC73-465C-A6E9-0E47280DF0AC}.Ad-Hoc|iPhoneSimulator.Build.0 = Debug|x64
		{8F3FFEC2-DC73-465C-A6E9-0E47280DF0AC}.Ad-Hoc|iPhoneSimulator.Deploy.0 = Debug|x64
		{8F3FFEC2-DC73-465C-A6E9-0E47280DF0AC}.Ad-Hoc|x64.ActiveCfg = Debug|x64
		{8F3FFEC2-DC73-465C-A6E9-0E47280DF0AC}.Ad-Hoc|x64.Build.0 = Debug|x64
		{8F3FFEC2-DC73-465C-A6E9-0E47280DF0AC}.Ad-Hoc|x64.Deploy.0 = Debug|x64
		{8F3FFEC2-DC73-465C-A6E9-0E47280DF0AC}.Ad-Hoc|x86.ActiveCfg = Debug|x86
		{8F3FFEC2-DC73-465C-A6E9-0E47280DF0AC}.Ad-Hoc|x86.Build.0 = Debug|x86
		{8F3FFEC2-DC73-465C-A6E9-0E47280DF0AC}.Ad-Hoc|x86.Deploy.0 = Debug|x86
		{8F3FFEC2-DC73-465C-A6E9-0E47280DF0AC}.AppStore|Any CPU.ActiveCfg = Debug|x64
		{8F3FFEC2-DC73-465C-A6E9-0E47280DF0AC}.AppStore|Any CPU.Build.0 = Debug|x64
		{8F3FFEC2-DC73-465C-A6E9-0E47280DF0AC}.AppStore|Any CPU.Deploy.0 = Debug|x64
		{8F3FFEC2-DC73-465C-A6E9-0E47280DF0AC}.AppStore|ARM.ActiveCfg = Debug|x64
		{8F3FFEC2-DC73-465C-A6E9-0E47280DF0AC}.AppStore|ARM.Build.0 = Debug|x64
		{8F3FFEC2-DC73-465C-A6E9-0E47280DF0AC}.AppStore|ARM.Deploy.0 = Debug|x64
		{8F3FFEC2-DC73-465C-A6E9-0E47280DF0AC}.AppStore|ARM64.ActiveCfg = Debug|arm64
		{8F3FFEC2-DC73-465C-A6E9-0E47280DF0AC}.AppStore|ARM64.Build.0 = Debug|arm64
		{8F3FFEC2-DC73-465C-A6E9-0E47280DF0AC}.AppStore|ARM64.Deploy.0 = Debug|arm64
		{8F3FFEC2-DC73-465C-A6E9-0E47280DF0AC}.AppStore|iPhone.ActiveCfg = Debug|x64
		{8F3FFEC2-DC73-465C-A6E9-0E47280DF0AC}.AppStore|iPhone.Build.0 = Debug|x64
		{8F3FFEC2-DC73-465C-A6E9-0E47280DF0AC}.AppStore|iPhone.Deploy.0 = Debug|x64
		{8F3FFEC2-DC73-465C-A6E9-0E47280DF0AC}.AppStore|iPhoneSimulator.ActiveCfg = Debug|x64
		{8F3FFEC2-DC73-465C-A6E9-0E47280DF0AC}.AppStore|iPhoneSimulator.Build.0 = Debug|x64
		{8F3FFEC2-DC73-465C-A6E9-0E47280DF0AC}.AppStore|iPhoneSimulator.Deploy.0 = Debug|x64
		{8F3FFEC2-DC73-465C-A6E9-0E47280DF0AC}.AppStore|x64.ActiveCfg = Debug|x64
		{8F3FFEC2-DC73-465C-A6E9-0E47280DF0AC}.AppStore|x64.Build.0 = Debug|x64
		{8F3FFEC2-DC73-465C-A6E9-0E47280DF0AC}.AppStore|x64.Deploy.0 = Debug|x64
		{8F3FFEC2-DC73-465C-A6E9-0E47280DF0AC}.AppStore|x86.ActiveCfg = Debug|x86
		{8F3FFEC2-DC73-465C-A6E9-0E47280DF0AC}.AppStore|x86.Build.0 = Debug|x86
		{8F3FFEC2-DC73-465C-A6E9-0E47280DF0AC}.AppStore|x86.Deploy.0 = Debug|x86
		{8F3FFEC2-DC73-465C-A6E9-0E47280DF0AC}.Debug|Any CPU.ActiveCfg = Debug|x64
		{8F3FFEC2-DC73-465C-A6E9-0E47280DF0AC}.Debug|Any CPU.Build.0 = Debug|x64
		{8F3FFEC2-DC73-465C-A6E9-0E47280DF0AC}.Debug|Any CPU.Deploy.0 = Debug|x64
		{8F3FFEC2-DC73-465C-A6E9-0E47280DF0AC}.Debug|ARM.ActiveCfg = Debug|x64
		{8F3FFEC2-DC73-465C-A6E9-0E47280DF0AC}.Debug|ARM.Build.0 = Debug|x64
		{8F3FFEC2-DC73-465C-A6E9-0E47280DF0AC}.Debug|ARM.Deploy.0 = Debug|x64
		{8F3FFEC2-DC73-465C-A6E9-0E47280DF0AC}.Debug|ARM64.ActiveCfg = Debug|arm64
		{8F3FFEC2-DC73-465C-A6E9-0E47280DF0AC}.Debug|ARM64.Build.0 = Debug|arm64
		{8F3FFEC2-DC73-465C-A6E9-0E47280DF0AC}.Debug|ARM64.Deploy.0 = Debug|arm64
		{8F3FFEC2-DC73-465C-A6E9-0E47280DF0AC}.Debug|iPhone.ActiveCfg = Debug|x64
		{8F3FFEC2-DC73-465C-A6E9-0E47280DF0AC}.Debug|iPhone.Build.0 = Debug|x64
		{8F3FFEC2-DC73-465C-A6E9-0E47280DF0AC}.Debug|iPhone.Deploy.0 = Debug|x64
		{8F3FFEC2-DC73-465C-A6E9-0E47280DF0AC}.Debug|iPhoneSimulator.ActiveCfg = Debug|x64
		{8F3FFEC2-DC73-465C-A6E9-0E47280DF0AC}.Debug|iPhoneSimulator.Build.0 = Debug|x64
		{8F3FFEC2-DC73-465C-A6E9-0E47280DF0AC}.Debug|iPhoneSimulator.Deploy.0 = Debug|x64
		{8F3FFEC2-DC73-465C-A6E9-0E47280DF0AC}.Debug|x64.ActiveCfg = Debug|x64
		{8F3FFEC2-DC73-465C-A6E9-0E47280DF0AC}.Debug|x64.Build.0 = Debug|x64
		{8F3FFEC2-DC73-465C-A6E9-0E47280DF0AC}.Debug|x64.Deploy.0 = Debug|x64
		{8F3FFEC2-DC73-465C-A6E9-0E47280DF0AC}.Debug|x86.ActiveCfg = Debug|x86
		{8F3FFEC2-DC73-465C-A6E9-0E47280DF0AC}.Debug|x86.Build.0 = Debug|x86
		{8F3FFEC2-DC73-465C-A6E9-0E47280DF0AC}.Debug|x86.Deploy.0 = Debug|x86
		{8F3FFEC2-DC73-465C-A6E9-0E47280DF0AC}.Release|Any CPU.ActiveCfg = Release|x64
		{8F3FFEC2-DC73-465C-A6E9-0E47280DF0AC}.Release|Any CPU.Build.0 = Release|x64
		{8F3FFEC2-DC73-465C-A6E9-0E47280DF0AC}.Release|Any CPU.Deploy.0 = Release|x64
		{8F3FFEC2-DC73-465C-A6E9-0E47280DF0AC}.Release|ARM.ActiveCfg = Release|x64
		{8F3FFEC2-DC73-465C-A6E9-0E47280DF0AC}.Release|ARM.Build.0 = Release|x64
		{8F3FFEC2-DC73-465C-A6E9-0E47280DF0AC}.Release|ARM.Deploy.0 = Release|x64
		{8F3FFEC2-DC73-465C-A6E9-0E47280DF0AC}.Release|ARM64.ActiveCfg = Release|arm64
		{8F3FFEC2-DC73-465C-A6E9-0E47280DF0AC}.Release|ARM64.Build.0 = Release|arm64
		{8F3FFEC2-DC73-465C-A6E9-0E47280DF0AC}.Release|ARM64.Deploy.0 = Release|arm64
		{8F3FFEC2-DC73-465C-A6E9-0E47280DF0AC}.Release|iPhone.ActiveCfg = Release|x64
		{8F3FFEC2-DC73-465C-A6E9-0E47280DF0AC}.Release|iPhone.Build.0 = Release|x64
		{8F3FFEC2-DC73-465C-A6E9-0E47280DF0AC}.Release|iPhone.Deploy.0 = Release|x64
		{8F3FFEC2-DC73-465C-A6E9-0E47280DF0AC}.Release|iPhoneSimulator.ActiveCfg = Release|x64
		{8F3FFEC2-DC73-465C-A6E9-0E47280DF0AC}.Release|iPhoneSimulator.Build.0 = Release|x64
		{8F3FFEC2-DC73-465C-A6E9-0E47280DF0AC}.Release|iPhoneSimulator.Deploy.0 = Release|x64
		{8F3FFEC2-DC73-465C-A6E9-0E47280DF0AC}.Release|x64.ActiveCfg = Release|x64
		{8F3FFEC2-DC73-465C-A6E9-0E47280DF0AC}.Release|x64.Build.0 = Release|x64
		{8F3FFEC2-DC73-465C-A6E9-0E47280DF0AC}.Release|x64.Deploy.0 = Release|x64
		{8F3FFEC2-DC73-465C-A6E9-0E47280DF0AC}.Release|x86.ActiveCfg = Release|x86
		{8F3FFEC2-DC73-465C-A6E9-0E47280DF0AC}.Release|x86.Build.0 = Release|x86
		{8F3FFEC2-DC73-465C-A6E9-0E47280DF0AC}.Release|x86.Deploy.0 = Release|x86
		{6EBD8712-8F95-4E70-8B8A-12DC791B92D7}.Ad-Hoc|Any CPU.ActiveCfg = Debug|Any CPU
		{6EBD8712-8F95-4E70-8B8A-12DC791B92D7}.Ad-Hoc|Any CPU.Build.0 = Debug|Any CPU
		{6EBD8712-8F95-4E70-8B8A-12DC791B92D7}.Ad-Hoc|ARM.ActiveCfg = Debug|Any CPU
		{6EBD8712-8F95-4E70-8B8A-12DC791B92D7}.Ad-Hoc|ARM.Build.0 = Debug|Any CPU
		{6EBD8712-8F95-4E70-8B8A-12DC791B92D7}.Ad-Hoc|ARM64.ActiveCfg = Debug|Any CPU
		{6EBD8712-8F95-4E70-8B8A-12DC791B92D7}.Ad-Hoc|ARM64.Build.0 = Debug|Any CPU
		{6EBD8712-8F95-4E70-8B8A-12DC791B92D7}.Ad-Hoc|iPhone.ActiveCfg = Debug|Any CPU
		{6EBD8712-8F95-4E70-8B8A-12DC791B92D7}.Ad-Hoc|iPhone.Build.0 = Debug|Any CPU
		{6EBD8712-8F95-4E70-8B8A-12DC791B92D7}.Ad-Hoc|iPhoneSimulator.ActiveCfg = Debug|Any CPU
		{6EBD8712-8F95-4E70-8B8A-12DC791B92D7}.Ad-Hoc|iPhoneSimulator.Build.0 = Debug|Any CPU
		{6EBD8712-8F95-4E70-8B8A-12DC791B92D7}.Ad-Hoc|x64.ActiveCfg = Debug|Any CPU
		{6EBD8712-8F95-4E70-8B8A-12DC791B92D7}.Ad-Hoc|x64.Build.0 = Debug|Any CPU
		{6EBD8712-8F95-4E70-8B8A-12DC791B92D7}.Ad-Hoc|x86.ActiveCfg = Debug|Any CPU
		{6EBD8712-8F95-4E70-8B8A-12DC791B92D7}.Ad-Hoc|x86.Build.0 = Debug|Any CPU
		{6EBD8712-8F95-4E70-8B8A-12DC791B92D7}.AppStore|Any CPU.ActiveCfg = Debug|Any CPU
		{6EBD8712-8F95-4E70-8B8A-12DC791B92D7}.AppStore|Any CPU.Build.0 = Debug|Any CPU
		{6EBD8712-8F95-4E70-8B8A-12DC791B92D7}.AppStore|ARM.ActiveCfg = Debug|Any CPU
		{6EBD8712-8F95-4E70-8B8A-12DC791B92D7}.AppStore|ARM.Build.0 = Debug|Any CPU
		{6EBD8712-8F95-4E70-8B8A-12DC791B92D7}.AppStore|ARM64.ActiveCfg = Debug|Any CPU
		{6EBD8712-8F95-4E70-8B8A-12DC791B92D7}.AppStore|ARM64.Build.0 = Debug|Any CPU
		{6EBD8712-8F95-4E70-8B8A-12DC791B92D7}.AppStore|iPhone.ActiveCfg = Debug|Any CPU
		{6EBD8712-8F95-4E70-8B8A-12DC791B92D7}.AppStore|iPhone.Build.0 = Debug|Any CPU
		{6EBD8712-8F95-4E70-8B8A-12DC791B92D7}.AppStore|iPhoneSimulator.ActiveCfg = Debug|Any CPU
		{6EBD8712-8F95-4E70-8B8A-12DC791B92D7}.AppStore|iPhoneSimulator.Build.0 = Debug|Any CPU
		{6EBD8712-8F95-4E70-8B8A-12DC791B92D7}.AppStore|x64.ActiveCfg = Debug|Any CPU
		{6EBD8712-8F95-4E70-8B8A-12DC791B92D7}.AppStore|x64.Build.0 = Debug|Any CPU
		{6EBD8712-8F95-4E70-8B8A-12DC791B92D7}.AppStore|x86.ActiveCfg = Debug|Any CPU
		{6EBD8712-8F95-4E70-8B8A-12DC791B92D7}.AppStore|x86.Build.0 = Debug|Any CPU
		{6EBD8712-8F95-4E70-8B8A-12DC791B92D7}.Debug|Any CPU.ActiveCfg = Debug|Any CPU
		{6EBD8712-8F95-4E70-8B8A-12DC791B92D7}.Debug|Any CPU.Build.0 = Debug|Any CPU
		{6EBD8712-8F95-4E70-8B8A-12DC791B92D7}.Debug|Any CPU.Deploy.0 = Debug|Any CPU
		{6EBD8712-8F95-4E70-8B8A-12DC791B92D7}.Debug|ARM.ActiveCfg = Debug|Any CPU
		{6EBD8712-8F95-4E70-8B8A-12DC791B92D7}.Debug|ARM.Build.0 = Debug|Any CPU
		{6EBD8712-8F95-4E70-8B8A-12DC791B92D7}.Debug|ARM64.ActiveCfg = Debug|Any CPU
		{6EBD8712-8F95-4E70-8B8A-12DC791B92D7}.Debug|ARM64.Build.0 = Debug|Any CPU
		{6EBD8712-8F95-4E70-8B8A-12DC791B92D7}.Debug|iPhone.ActiveCfg = Debug|Any CPU
		{6EBD8712-8F95-4E70-8B8A-12DC791B92D7}.Debug|iPhone.Build.0 = Debug|Any CPU
		{6EBD8712-8F95-4E70-8B8A-12DC791B92D7}.Debug|iPhoneSimulator.ActiveCfg = Debug|Any CPU
		{6EBD8712-8F95-4E70-8B8A-12DC791B92D7}.Debug|iPhoneSimulator.Build.0 = Debug|Any CPU
		{6EBD8712-8F95-4E70-8B8A-12DC791B92D7}.Debug|x64.ActiveCfg = Debug|Any CPU
		{6EBD8712-8F95-4E70-8B8A-12DC791B92D7}.Debug|x64.Build.0 = Debug|Any CPU
		{6EBD8712-8F95-4E70-8B8A-12DC791B92D7}.Debug|x64.Deploy.0 = Debug|Any CPU
		{6EBD8712-8F95-4E70-8B8A-12DC791B92D7}.Debug|x86.ActiveCfg = Debug|Any CPU
		{6EBD8712-8F95-4E70-8B8A-12DC791B92D7}.Debug|x86.Build.0 = Debug|Any CPU
		{6EBD8712-8F95-4E70-8B8A-12DC791B92D7}.Release|Any CPU.ActiveCfg = Release|Any CPU
		{6EBD8712-8F95-4E70-8B8A-12DC791B92D7}.Release|Any CPU.Build.0 = Release|Any CPU
		{6EBD8712-8F95-4E70-8B8A-12DC791B92D7}.Release|ARM.ActiveCfg = Release|Any CPU
		{6EBD8712-8F95-4E70-8B8A-12DC791B92D7}.Release|ARM.Build.0 = Release|Any CPU
		{6EBD8712-8F95-4E70-8B8A-12DC791B92D7}.Release|ARM64.ActiveCfg = Release|Any CPU
		{6EBD8712-8F95-4E70-8B8A-12DC791B92D7}.Release|ARM64.Build.0 = Release|Any CPU
		{6EBD8712-8F95-4E70-8B8A-12DC791B92D7}.Release|iPhone.ActiveCfg = Release|Any CPU
		{6EBD8712-8F95-4E70-8B8A-12DC791B92D7}.Release|iPhone.Build.0 = Release|Any CPU
		{6EBD8712-8F95-4E70-8B8A-12DC791B92D7}.Release|iPhoneSimulator.ActiveCfg = Release|Any CPU
		{6EBD8712-8F95-4E70-8B8A-12DC791B92D7}.Release|iPhoneSimulator.Build.0 = Release|Any CPU
		{6EBD8712-8F95-4E70-8B8A-12DC791B92D7}.Release|x64.ActiveCfg = Release|Any CPU
		{6EBD8712-8F95-4E70-8B8A-12DC791B92D7}.Release|x64.Build.0 = Release|Any CPU
		{6EBD8712-8F95-4E70-8B8A-12DC791B92D7}.Release|x86.ActiveCfg = Release|Any CPU
		{6EBD8712-8F95-4E70-8B8A-12DC791B92D7}.Release|x86.Build.0 = Release|Any CPU
	EndGlobalSection
	GlobalSection(SolutionProperties) = preSolution
		HideSolutionNode = FALSE
	EndGlobalSection
	GlobalSection(NestedProjects) = preSolution
		{A50B0434-CE4D-451C-98C8-1137E48082D7} = {FCECCCC1-0BFC-4541-B167-BDF07B353C29}
		{EF1B48AA-C41E-413F-BF9B-2269E71A862D} = {AEB4225A-073F-40D6-8D37-EB00933923C0}
		{4C6DDA63-741A-4D16-84B4-30DAFF52381D} = {AEB4225A-073F-40D6-8D37-EB00933923C0}
		{8F3FFEC2-DC73-465C-A6E9-0E47280DF0AC} = {AEB4225A-073F-40D6-8D37-EB00933923C0}
		{6EBD8712-8F95-4E70-8B8A-12DC791B92D7} = {AEB4225A-073F-40D6-8D37-EB00933923C0}
	EndGlobalSection
	GlobalSection(ExtensibilityGlobals) = postSolution
		SolutionGuid = {B96E9E78-1D5D-4164-B1F3-57C322EA25A3}
	EndGlobalSection
	GlobalSection(SharedMSBuildProjectFiles) = preSolution
		DemoWinUI\DemoWinUI.Shared\DemoWinUI.Shared.projitems*{4c6dda63-741a-4d16-84b4-30daff52381d}*SharedItemsImports = 5
		DemoWinUI\DemoWinUI.Shared\DemoWinUI.Shared.projitems*{6ebd8712-8f95-4e70-8b8a-12dc791b92d7}*SharedItemsImports = 5
		DemoWinUI\DemoWinUI.Shared\DemoWinUI.Shared.projitems*{8f3ffec2-dc73-465c-a6e9-0e47280df0ac}*SharedItemsImports = 5
		DemoWinUI\DemoWinUI.Shared\DemoWinUI.Shared.projitems*{ef1b48aa-c41e-413f-bf9b-2269e71a862d}*SharedItemsImports = 13
	EndGlobalSection
EndGlobal
