
Microsoft Visual Studio Solution File, Format Version 12.00
# Visual Studio Version 16
VisualStudioVersion = 16.0.30907.101
MinimumVisualStudioVersion = 10.0.40219.1
Project("{2150E333-8FDC-42A3-9474-1A3956D46DE8}") = "Demo", "Demo", "{508E87FF-781A-43A8-B059-71936D8105B2}"
EndProject
Project("{D954291E-2A0B-460D-934E-DC6B0785DB48}") = "Demo.Shared", "Demo\Demo.Shared\Demo.Shared.shproj", "{6279C845-92F8-4333-AB99-3D213163593C}"
EndProject
Project("{FAE04EC0-301F-11D3-BF4B-00C04F79EFBC}") = "Demo.Droid", "Demo\Demo.Droid\Demo.Droid.csproj", "{57C79F15-35F5-4FED-8A4F-3D8BA235FD5C}"
EndProject
Project("{FAE04EC0-301F-11D3-BF4B-00C04F79EFBC}") = "Demo.iOS", "Demo\Demo.iOS\Demo.iOS.csproj", "{46F35095-12D6-4960-AA4F-7E2D7CD3981F}"
EndProject
Project("{FAE04EC0-301F-11D3-BF4B-00C04F79EFBC}") = "Demo.macOS", "Demo\Demo.macOS\Demo.macOS.csproj", "{0E752143-6BB4-477C-9016-08ECC5B3A2FB}"
EndProject
Project("{9A19103F-16F7-4668-BE54-9A1E7A4F7556}") = "Demo.Skia.Gtk", "Demo\Demo.Skia.Gtk\Demo.Skia.Gtk.csproj", "{44AA17EB-24F4-4D35-A0F3-2694A949FD54}"
EndProject
Project("{9A19103F-16F7-4668-BE54-9A1E7A4F7556}") = "Demo.Skia.Tizen", "Demo\Demo.Skia.Tizen\Demo.Skia.Tizen.csproj", "{640F7419-73FE-497B-A6FE-0AA1872AE7C0}"
EndProject
Project("{9A19103F-16F7-4668-BE54-9A1E7A4F7556}") = "Demo.Skia.Wpf", "Demo\Demo.Skia.Wpf\Demo.Skia.Wpf.csproj", "{32E7A59F-1805-4FBF-A119-D91F50E7E65B}"
EndProject
Project("{9A19103F-16F7-4668-BE54-9A1E7A4F7556}") = "Demo.Skia.Wpf.Host", "Demo\Demo.Skia.Wpf.Host\Demo.Skia.Wpf.Host.csproj", "{6ED68706-48FF-48FF-9FA9-F0950973763D}"
EndProject
Project("{FAE04EC0-301F-11D3-BF4B-00C04F79EFBC}") = "Demo.UWP", "Demo\Demo.UWP\Demo.UWP.csproj", "{5FD59525-3806-46E1-84DD-63C32BFFCE30}"
EndProject
Project("{9A19103F-16F7-4668-BE54-9A1E7A4F7556}") = "Demo.Wasm", "Demo\Demo.Wasm\Demo.Wasm.csproj", "{DAA1F70F-F262-4596-B207-923E2FD9EEF4}"
EndProject
Project("{9A19103F-16F7-4668-BE54-9A1E7A4F7556}") = "P42.Uno.CompressionBridge", "P42.Uno.CompressionBridge\P42.Uno.CompressionBridge.csproj", "{88B2EB26-2295-41FC-9213-031F20EA12C9}"
EndProject
Project("{2150E333-8FDC-42A3-9474-1A3956D46DE8}") = "Platform Projects", "Platform Projects", "{FCECCCC1-0BFC-4541-B167-BDF07B353C29}"
EndProject
Project("{9A19103F-16F7-4668-BE54-9A1E7A4F7556}") = "P42.Uno.HtmlExtensions.Android", "P42.Uno.HtmlExtensions\P42.Uno.HtmlExtensions.Android.csproj", "{6DFF346E-1FAC-4D7A-989A-2DEE96E2886C}"
EndProject
Project("{9A19103F-16F7-4668-BE54-9A1E7A4F7556}") = "P42.Uno.HtmlExtensions.iOS", "P42.Uno.HtmlExtensions\P42.Uno.HtmlExtensions.iOS.csproj", "{346350B2-63BF-4F01-9B26-30D11A8EAD89}"
EndProject
Project("{9A19103F-16F7-4668-BE54-9A1E7A4F7556}") = "P42.Uno.HtmlExtensions.MacOS", "P42.Uno.HtmlExtensions\P42.Uno.HtmlExtensions.MacOS.csproj", "{B50407AB-0A1D-4B77-8B64-1BE0511551EC}"
EndProject
Project("{9A19103F-16F7-4668-BE54-9A1E7A4F7556}") = "P42.Uno.HtmlExtensions.UWP", "P42.Uno.HtmlExtensions\P42.Uno.HtmlExtensions.UWP.csproj", "{18C96C9B-3560-4172-97EC-86C54E00F3CB}"
EndProject
Project("{9A19103F-16F7-4668-BE54-9A1E7A4F7556}") = "P42.Uno.HtmlExtensions.WASM", "P42.Uno.HtmlExtensions\P42.Uno.HtmlExtensions.WASM.csproj", "{2EAF5E26-8CD9-47C2-854B-B82BEE57BDDC}"
EndProject
Global
	GlobalSection(SharedMSBuildProjectFiles) = preSolution
		Demo\Demo.Shared\Demo.Shared.projitems*{0e752143-6bb4-477c-9016-08ecc5b3a2fb}*SharedItemsImports = 4
		Demo\Demo.Shared\Demo.Shared.projitems*{46f35095-12d6-4960-aa4f-7e2d7cd3981f}*SharedItemsImports = 4
		Demo\Demo.Shared\Demo.Shared.projitems*{57c79f15-35f5-4fed-8a4f-3d8ba235fd5c}*SharedItemsImports = 4
		Demo\Demo.Shared\Demo.Shared.projitems*{5fd59525-3806-46e1-84dd-63c32bffce30}*SharedItemsImports = 4
		Demo\Demo.Shared\Demo.Shared.projitems*{6279c845-92f8-4333-ab99-3d213163593c}*SharedItemsImports = 13
		Demo\Demo.Shared\Demo.Shared.projitems*{daa1f70f-f262-4596-b207-923e2fd9eef4}*SharedItemsImports = 5
	EndGlobalSection
	GlobalSection(SolutionConfigurationPlatforms) = preSolution
		Ad-Hoc|Any CPU = Ad-Hoc|Any CPU
		Ad-Hoc|ARM = Ad-Hoc|ARM
		Ad-Hoc|ARM64 = Ad-Hoc|ARM64
		Ad-Hoc|iPhone = Ad-Hoc|iPhone
		Ad-Hoc|iPhoneSimulator = Ad-Hoc|iPhoneSimulator
		Ad-Hoc|x64 = Ad-Hoc|x64
		Ad-Hoc|x86 = Ad-Hoc|x86
		AppStore|Any CPU = AppStore|Any CPU
		AppStore|ARM = AppStore|ARM
		AppStore|ARM64 = AppStore|ARM64
		AppStore|iPhone = AppStore|iPhone
		AppStore|iPhoneSimulator = AppStore|iPhoneSimulator
		AppStore|x64 = AppStore|x64
		AppStore|x86 = AppStore|x86
		Debug|Any CPU = Debug|Any CPU
		Debug|ARM = Debug|ARM
		Debug|ARM64 = Debug|ARM64
		Debug|iPhone = Debug|iPhone
		Debug|iPhoneSimulator = Debug|iPhoneSimulator
		Debug|x64 = Debug|x64
		Debug|x86 = Debug|x86
		Release|Any CPU = Release|Any CPU
		Release|ARM = Release|ARM
		Release|ARM64 = Release|ARM64
		Release|iPhone = Release|iPhone
		Release|iPhoneSimulator = Release|iPhoneSimulator
		Release|x64 = Release|x64
		Release|x86 = Release|x86
	EndGlobalSection
	GlobalSection(ProjectConfigurationPlatforms) = postSolution
		{57C79F15-35F5-4FED-8A4F-3D8BA235FD5C}.Ad-Hoc|Any CPU.ActiveCfg = Debug|Any CPU
		{57C79F15-35F5-4FED-8A4F-3D8BA235FD5C}.Ad-Hoc|Any CPU.Build.0 = Debug|Any CPU
		{57C79F15-35F5-4FED-8A4F-3D8BA235FD5C}.Ad-Hoc|Any CPU.Deploy.0 = Debug|Any CPU
		{57C79F15-35F5-4FED-8A4F-3D8BA235FD5C}.Ad-Hoc|ARM.ActiveCfg = Debug|Any CPU
		{57C79F15-35F5-4FED-8A4F-3D8BA235FD5C}.Ad-Hoc|ARM.Build.0 = Debug|Any CPU
		{57C79F15-35F5-4FED-8A4F-3D8BA235FD5C}.Ad-Hoc|ARM.Deploy.0 = Debug|Any CPU
		{57C79F15-35F5-4FED-8A4F-3D8BA235FD5C}.Ad-Hoc|ARM64.ActiveCfg = Debug|Any CPU
		{57C79F15-35F5-4FED-8A4F-3D8BA235FD5C}.Ad-Hoc|ARM64.Build.0 = Debug|Any CPU
		{57C79F15-35F5-4FED-8A4F-3D8BA235FD5C}.Ad-Hoc|ARM64.Deploy.0 = Debug|Any CPU
		{57C79F15-35F5-4FED-8A4F-3D8BA235FD5C}.Ad-Hoc|iPhone.ActiveCfg = Debug|Any CPU
		{57C79F15-35F5-4FED-8A4F-3D8BA235FD5C}.Ad-Hoc|iPhone.Build.0 = Debug|Any CPU
		{57C79F15-35F5-4FED-8A4F-3D8BA235FD5C}.Ad-Hoc|iPhone.Deploy.0 = Debug|Any CPU
		{57C79F15-35F5-4FED-8A4F-3D8BA235FD5C}.Ad-Hoc|iPhoneSimulator.ActiveCfg = Debug|Any CPU
		{57C79F15-35F5-4FED-8A4F-3D8BA235FD5C}.Ad-Hoc|iPhoneSimulator.Build.0 = Debug|Any CPU
		{57C79F15-35F5-4FED-8A4F-3D8BA235FD5C}.Ad-Hoc|iPhoneSimulator.Deploy.0 = Debug|Any CPU
		{57C79F15-35F5-4FED-8A4F-3D8BA235FD5C}.Ad-Hoc|x64.ActiveCfg = Debug|Any CPU
		{57C79F15-35F5-4FED-8A4F-3D8BA235FD5C}.Ad-Hoc|x64.Build.0 = Debug|Any CPU
		{57C79F15-35F5-4FED-8A4F-3D8BA235FD5C}.Ad-Hoc|x64.Deploy.0 = Debug|Any CPU
		{57C79F15-35F5-4FED-8A4F-3D8BA235FD5C}.Ad-Hoc|x86.ActiveCfg = Debug|Any CPU
		{57C79F15-35F5-4FED-8A4F-3D8BA235FD5C}.Ad-Hoc|x86.Build.0 = Debug|Any CPU
		{57C79F15-35F5-4FED-8A4F-3D8BA235FD5C}.Ad-Hoc|x86.Deploy.0 = Debug|Any CPU
		{57C79F15-35F5-4FED-8A4F-3D8BA235FD5C}.AppStore|Any CPU.ActiveCfg = Debug|Any CPU
		{57C79F15-35F5-4FED-8A4F-3D8BA235FD5C}.AppStore|Any CPU.Build.0 = Debug|Any CPU
		{57C79F15-35F5-4FED-8A4F-3D8BA235FD5C}.AppStore|Any CPU.Deploy.0 = Debug|Any CPU
		{57C79F15-35F5-4FED-8A4F-3D8BA235FD5C}.AppStore|ARM.ActiveCfg = Debug|Any CPU
		{57C79F15-35F5-4FED-8A4F-3D8BA235FD5C}.AppStore|ARM.Build.0 = Debug|Any CPU
		{57C79F15-35F5-4FED-8A4F-3D8BA235FD5C}.AppStore|ARM.Deploy.0 = Debug|Any CPU
		{57C79F15-35F5-4FED-8A4F-3D8BA235FD5C}.AppStore|ARM64.ActiveCfg = Debug|Any CPU
		{57C79F15-35F5-4FED-8A4F-3D8BA235FD5C}.AppStore|ARM64.Build.0 = Debug|Any CPU
		{57C79F15-35F5-4FED-8A4F-3D8BA235FD5C}.AppStore|ARM64.Deploy.0 = Debug|Any CPU
		{57C79F15-35F5-4FED-8A4F-3D8BA235FD5C}.AppStore|iPhone.ActiveCfg = Debug|Any CPU
		{57C79F15-35F5-4FED-8A4F-3D8BA235FD5C}.AppStore|iPhone.Build.0 = Debug|Any CPU
		{57C79F15-35F5-4FED-8A4F-3D8BA235FD5C}.AppStore|iPhone.Deploy.0 = Debug|Any CPU
		{57C79F15-35F5-4FED-8A4F-3D8BA235FD5C}.AppStore|iPhoneSimulator.ActiveCfg = Debug|Any CPU
		{57C79F15-35F5-4FED-8A4F-3D8BA235FD5C}.AppStore|iPhoneSimulator.Build.0 = Debug|Any CPU
		{57C79F15-35F5-4FED-8A4F-3D8BA235FD5C}.AppStore|iPhoneSimulator.Deploy.0 = Debug|Any CPU
		{57C79F15-35F5-4FED-8A4F-3D8BA235FD5C}.AppStore|x64.ActiveCfg = Debug|Any CPU
		{57C79F15-35F5-4FED-8A4F-3D8BA235FD5C}.AppStore|x64.Build.0 = Debug|Any CPU
		{57C79F15-35F5-4FED-8A4F-3D8BA235FD5C}.AppStore|x64.Deploy.0 = Debug|Any CPU
		{57C79F15-35F5-4FED-8A4F-3D8BA235FD5C}.AppStore|x86.ActiveCfg = Debug|Any CPU
		{57C79F15-35F5-4FED-8A4F-3D8BA235FD5C}.AppStore|x86.Build.0 = Debug|Any CPU
		{57C79F15-35F5-4FED-8A4F-3D8BA235FD5C}.AppStore|x86.Deploy.0 = Debug|Any CPU
		{57C79F15-35F5-4FED-8A4F-3D8BA235FD5C}.Debug|Any CPU.ActiveCfg = Debug|Any CPU
		{57C79F15-35F5-4FED-8A4F-3D8BA235FD5C}.Debug|Any CPU.Build.0 = Debug|Any CPU
		{57C79F15-35F5-4FED-8A4F-3D8BA235FD5C}.Debug|Any CPU.Deploy.0 = Debug|Any CPU
		{57C79F15-35F5-4FED-8A4F-3D8BA235FD5C}.Debug|ARM.ActiveCfg = Debug|Any CPU
		{57C79F15-35F5-4FED-8A4F-3D8BA235FD5C}.Debug|ARM.Build.0 = Debug|Any CPU
		{57C79F15-35F5-4FED-8A4F-3D8BA235FD5C}.Debug|ARM.Deploy.0 = Debug|Any CPU
		{57C79F15-35F5-4FED-8A4F-3D8BA235FD5C}.Debug|ARM64.ActiveCfg = Debug|Any CPU
		{57C79F15-35F5-4FED-8A4F-3D8BA235FD5C}.Debug|ARM64.Build.0 = Debug|Any CPU
		{57C79F15-35F5-4FED-8A4F-3D8BA235FD5C}.Debug|ARM64.Deploy.0 = Debug|Any CPU
		{57C79F15-35F5-4FED-8A4F-3D8BA235FD5C}.Debug|iPhone.ActiveCfg = Debug|Any CPU
		{57C79F15-35F5-4FED-8A4F-3D8BA235FD5C}.Debug|iPhone.Build.0 = Debug|Any CPU
		{57C79F15-35F5-4FED-8A4F-3D8BA235FD5C}.Debug|iPhone.Deploy.0 = Debug|Any CPU
		{57C79F15-35F5-4FED-8A4F-3D8BA235FD5C}.Debug|iPhoneSimulator.ActiveCfg = Debug|Any CPU
		{57C79F15-35F5-4FED-8A4F-3D8BA235FD5C}.Debug|iPhoneSimulator.Build.0 = Debug|Any CPU
		{57C79F15-35F5-4FED-8A4F-3D8BA235FD5C}.Debug|iPhoneSimulator.Deploy.0 = Debug|Any CPU
		{57C79F15-35F5-4FED-8A4F-3D8BA235FD5C}.Debug|x64.ActiveCfg = Debug|Any CPU
		{57C79F15-35F5-4FED-8A4F-3D8BA235FD5C}.Debug|x64.Build.0 = Debug|Any CPU
		{57C79F15-35F5-4FED-8A4F-3D8BA235FD5C}.Debug|x64.Deploy.0 = Debug|Any CPU
		{57C79F15-35F5-4FED-8A4F-3D8BA235FD5C}.Debug|x86.ActiveCfg = Debug|Any CPU
		{57C79F15-35F5-4FED-8A4F-3D8BA235FD5C}.Debug|x86.Build.0 = Debug|Any CPU
		{57C79F15-35F5-4FED-8A4F-3D8BA235FD5C}.Debug|x86.Deploy.0 = Debug|Any CPU
		{57C79F15-35F5-4FED-8A4F-3D8BA235FD5C}.Release|Any CPU.ActiveCfg = Release|Any CPU
		{57C79F15-35F5-4FED-8A4F-3D8BA235FD5C}.Release|Any CPU.Build.0 = Release|Any CPU
		{57C79F15-35F5-4FED-8A4F-3D8BA235FD5C}.Release|Any CPU.Deploy.0 = Release|Any CPU
		{57C79F15-35F5-4FED-8A4F-3D8BA235FD5C}.Release|ARM.ActiveCfg = Release|Any CPU
		{57C79F15-35F5-4FED-8A4F-3D8BA235FD5C}.Release|ARM.Build.0 = Release|Any CPU
		{57C79F15-35F5-4FED-8A4F-3D8BA235FD5C}.Release|ARM.Deploy.0 = Release|Any CPU
		{57C79F15-35F5-4FED-8A4F-3D8BA235FD5C}.Release|ARM64.ActiveCfg = Release|Any CPU
		{57C79F15-35F5-4FED-8A4F-3D8BA235FD5C}.Release|ARM64.Build.0 = Release|Any CPU
		{57C79F15-35F5-4FED-8A4F-3D8BA235FD5C}.Release|ARM64.Deploy.0 = Release|Any CPU
		{57C79F15-35F5-4FED-8A4F-3D8BA235FD5C}.Release|iPhone.ActiveCfg = Release|Any CPU
		{57C79F15-35F5-4FED-8A4F-3D8BA235FD5C}.Release|iPhone.Build.0 = Release|Any CPU
		{57C79F15-35F5-4FED-8A4F-3D8BA235FD5C}.Release|iPhone.Deploy.0 = Release|Any CPU
		{57C79F15-35F5-4FED-8A4F-3D8BA235FD5C}.Release|iPhoneSimulator.ActiveCfg = Release|Any CPU
		{57C79F15-35F5-4FED-8A4F-3D8BA235FD5C}.Release|iPhoneSimulator.Build.0 = Release|Any CPU
		{57C79F15-35F5-4FED-8A4F-3D8BA235FD5C}.Release|iPhoneSimulator.Deploy.0 = Release|Any CPU
		{57C79F15-35F5-4FED-8A4F-3D8BA235FD5C}.Release|x64.ActiveCfg = Release|Any CPU
		{57C79F15-35F5-4FED-8A4F-3D8BA235FD5C}.Release|x64.Build.0 = Release|Any CPU
		{57C79F15-35F5-4FED-8A4F-3D8BA235FD5C}.Release|x64.Deploy.0 = Release|Any CPU
		{57C79F15-35F5-4FED-8A4F-3D8BA235FD5C}.Release|x86.ActiveCfg = Release|Any CPU
		{57C79F15-35F5-4FED-8A4F-3D8BA235FD5C}.Release|x86.Build.0 = Release|Any CPU
		{57C79F15-35F5-4FED-8A4F-3D8BA235FD5C}.Release|x86.Deploy.0 = Release|Any CPU
		{46F35095-12D6-4960-AA4F-7E2D7CD3981F}.Ad-Hoc|Any CPU.ActiveCfg = Ad-Hoc|iPhoneSimulator
		{46F35095-12D6-4960-AA4F-7E2D7CD3981F}.Ad-Hoc|ARM.ActiveCfg = Ad-Hoc|iPhoneSimulator
		{46F35095-12D6-4960-AA4F-7E2D7CD3981F}.Ad-Hoc|ARM64.ActiveCfg = Ad-Hoc|iPhoneSimulator
		{46F35095-12D6-4960-AA4F-7E2D7CD3981F}.Ad-Hoc|iPhone.ActiveCfg = Ad-Hoc|iPhone
		{46F35095-12D6-4960-AA4F-7E2D7CD3981F}.Ad-Hoc|iPhone.Build.0 = Ad-Hoc|iPhone
		{46F35095-12D6-4960-AA4F-7E2D7CD3981F}.Ad-Hoc|iPhoneSimulator.ActiveCfg = Ad-Hoc|iPhoneSimulator
		{46F35095-12D6-4960-AA4F-7E2D7CD3981F}.Ad-Hoc|iPhoneSimulator.Build.0 = Ad-Hoc|iPhoneSimulator
		{46F35095-12D6-4960-AA4F-7E2D7CD3981F}.Ad-Hoc|x64.ActiveCfg = Ad-Hoc|iPhoneSimulator
		{46F35095-12D6-4960-AA4F-7E2D7CD3981F}.Ad-Hoc|x86.ActiveCfg = Ad-Hoc|iPhoneSimulator
		{46F35095-12D6-4960-AA4F-7E2D7CD3981F}.AppStore|Any CPU.ActiveCfg = AppStore|iPhoneSimulator
		{46F35095-12D6-4960-AA4F-7E2D7CD3981F}.AppStore|ARM.ActiveCfg = AppStore|iPhoneSimulator
		{46F35095-12D6-4960-AA4F-7E2D7CD3981F}.AppStore|ARM64.ActiveCfg = AppStore|iPhoneSimulator
		{46F35095-12D6-4960-AA4F-7E2D7CD3981F}.AppStore|iPhone.ActiveCfg = AppStore|iPhone
		{46F35095-12D6-4960-AA4F-7E2D7CD3981F}.AppStore|iPhone.Build.0 = AppStore|iPhone
		{46F35095-12D6-4960-AA4F-7E2D7CD3981F}.AppStore|iPhoneSimulator.ActiveCfg = AppStore|iPhoneSimulator
		{46F35095-12D6-4960-AA4F-7E2D7CD3981F}.AppStore|iPhoneSimulator.Build.0 = AppStore|iPhoneSimulator
		{46F35095-12D6-4960-AA4F-7E2D7CD3981F}.AppStore|x64.ActiveCfg = AppStore|iPhoneSimulator
		{46F35095-12D6-4960-AA4F-7E2D7CD3981F}.AppStore|x86.ActiveCfg = AppStore|iPhoneSimulator
		{46F35095-12D6-4960-AA4F-7E2D7CD3981F}.Debug|Any CPU.ActiveCfg = Debug|iPhoneSimulator
		{46F35095-12D6-4960-AA4F-7E2D7CD3981F}.Debug|ARM.ActiveCfg = Debug|iPhoneSimulator
		{46F35095-12D6-4960-AA4F-7E2D7CD3981F}.Debug|ARM64.ActiveCfg = Debug|iPhoneSimulator
		{46F35095-12D6-4960-AA4F-7E2D7CD3981F}.Debug|iPhone.ActiveCfg = Debug|iPhone
		{46F35095-12D6-4960-AA4F-7E2D7CD3981F}.Debug|iPhone.Build.0 = Debug|iPhone
		{46F35095-12D6-4960-AA4F-7E2D7CD3981F}.Debug|iPhoneSimulator.ActiveCfg = Debug|iPhoneSimulator
		{46F35095-12D6-4960-AA4F-7E2D7CD3981F}.Debug|iPhoneSimulator.Build.0 = Debug|iPhoneSimulator
		{46F35095-12D6-4960-AA4F-7E2D7CD3981F}.Debug|x64.ActiveCfg = Debug|iPhoneSimulator
		{46F35095-12D6-4960-AA4F-7E2D7CD3981F}.Debug|x86.ActiveCfg = Debug|iPhoneSimulator
		{46F35095-12D6-4960-AA4F-7E2D7CD3981F}.Release|Any CPU.ActiveCfg = Release|iPhoneSimulator
		{46F35095-12D6-4960-AA4F-7E2D7CD3981F}.Release|ARM.ActiveCfg = Release|iPhoneSimulator
		{46F35095-12D6-4960-AA4F-7E2D7CD3981F}.Release|ARM64.ActiveCfg = Release|iPhoneSimulator
		{46F35095-12D6-4960-AA4F-7E2D7CD3981F}.Release|iPhone.ActiveCfg = Release|iPhone
		{46F35095-12D6-4960-AA4F-7E2D7CD3981F}.Release|iPhone.Build.0 = Release|iPhone
		{46F35095-12D6-4960-AA4F-7E2D7CD3981F}.Release|iPhoneSimulator.ActiveCfg = Release|iPhoneSimulator
		{46F35095-12D6-4960-AA4F-7E2D7CD3981F}.Release|iPhoneSimulator.Build.0 = Release|iPhoneSimulator
		{46F35095-12D6-4960-AA4F-7E2D7CD3981F}.Release|x64.ActiveCfg = Release|iPhoneSimulator
		{46F35095-12D6-4960-AA4F-7E2D7CD3981F}.Release|x86.ActiveCfg = Release|iPhoneSimulator
		{0E752143-6BB4-477C-9016-08ECC5B3A2FB}.Ad-Hoc|Any CPU.ActiveCfg = Debug|iPhoneSimulator
		{0E752143-6BB4-477C-9016-08ECC5B3A2FB}.Ad-Hoc|Any CPU.Build.0 = Debug|iPhoneSimulator
		{0E752143-6BB4-477C-9016-08ECC5B3A2FB}.Ad-Hoc|ARM.ActiveCfg = Debug|iPhoneSimulator
		{0E752143-6BB4-477C-9016-08ECC5B3A2FB}.Ad-Hoc|ARM.Build.0 = Debug|iPhoneSimulator
		{0E752143-6BB4-477C-9016-08ECC5B3A2FB}.Ad-Hoc|ARM64.ActiveCfg = Debug|iPhoneSimulator
		{0E752143-6BB4-477C-9016-08ECC5B3A2FB}.Ad-Hoc|ARM64.Build.0 = Debug|iPhoneSimulator
		{0E752143-6BB4-477C-9016-08ECC5B3A2FB}.Ad-Hoc|iPhone.ActiveCfg = Debug|iPhoneSimulator
		{0E752143-6BB4-477C-9016-08ECC5B3A2FB}.Ad-Hoc|iPhone.Build.0 = Debug|iPhoneSimulator
		{0E752143-6BB4-477C-9016-08ECC5B3A2FB}.Ad-Hoc|iPhoneSimulator.ActiveCfg = Debug|iPhoneSimulator
		{0E752143-6BB4-477C-9016-08ECC5B3A2FB}.Ad-Hoc|iPhoneSimulator.Build.0 = Debug|iPhoneSimulator
		{0E752143-6BB4-477C-9016-08ECC5B3A2FB}.Ad-Hoc|x64.ActiveCfg = Debug|iPhoneSimulator
		{0E752143-6BB4-477C-9016-08ECC5B3A2FB}.Ad-Hoc|x64.Build.0 = Debug|iPhoneSimulator
		{0E752143-6BB4-477C-9016-08ECC5B3A2FB}.Ad-Hoc|x86.ActiveCfg = Debug|iPhoneSimulator
		{0E752143-6BB4-477C-9016-08ECC5B3A2FB}.Ad-Hoc|x86.Build.0 = Debug|iPhoneSimulator
		{0E752143-6BB4-477C-9016-08ECC5B3A2FB}.AppStore|Any CPU.ActiveCfg = Debug|iPhoneSimulator
		{0E752143-6BB4-477C-9016-08ECC5B3A2FB}.AppStore|Any CPU.Build.0 = Debug|iPhoneSimulator
		{0E752143-6BB4-477C-9016-08ECC5B3A2FB}.AppStore|ARM.ActiveCfg = Debug|iPhoneSimulator
		{0E752143-6BB4-477C-9016-08ECC5B3A2FB}.AppStore|ARM.Build.0 = Debug|iPhoneSimulator
		{0E752143-6BB4-477C-9016-08ECC5B3A2FB}.AppStore|ARM64.ActiveCfg = Debug|iPhoneSimulator
		{0E752143-6BB4-477C-9016-08ECC5B3A2FB}.AppStore|ARM64.Build.0 = Debug|iPhoneSimulator
		{0E752143-6BB4-477C-9016-08ECC5B3A2FB}.AppStore|iPhone.ActiveCfg = Debug|iPhoneSimulator
		{0E752143-6BB4-477C-9016-08ECC5B3A2FB}.AppStore|iPhone.Build.0 = Debug|iPhoneSimulator
		{0E752143-6BB4-477C-9016-08ECC5B3A2FB}.AppStore|iPhoneSimulator.ActiveCfg = Debug|iPhoneSimulator
		{0E752143-6BB4-477C-9016-08ECC5B3A2FB}.AppStore|iPhoneSimulator.Build.0 = Debug|iPhoneSimulator
		{0E752143-6BB4-477C-9016-08ECC5B3A2FB}.AppStore|x64.ActiveCfg = Debug|iPhoneSimulator
		{0E752143-6BB4-477C-9016-08ECC5B3A2FB}.AppStore|x64.Build.0 = Debug|iPhoneSimulator
		{0E752143-6BB4-477C-9016-08ECC5B3A2FB}.AppStore|x86.ActiveCfg = Debug|iPhoneSimulator
		{0E752143-6BB4-477C-9016-08ECC5B3A2FB}.AppStore|x86.Build.0 = Debug|iPhoneSimulator
		{0E752143-6BB4-477C-9016-08ECC5B3A2FB}.Debug|Any CPU.ActiveCfg = Debug|iPhoneSimulator
		{0E752143-6BB4-477C-9016-08ECC5B3A2FB}.Debug|ARM.ActiveCfg = Debug|iPhoneSimulator
		{0E752143-6BB4-477C-9016-08ECC5B3A2FB}.Debug|ARM64.ActiveCfg = Debug|iPhoneSimulator
		{0E752143-6BB4-477C-9016-08ECC5B3A2FB}.Debug|iPhone.ActiveCfg = Debug|iPhoneSimulator
		{0E752143-6BB4-477C-9016-08ECC5B3A2FB}.Debug|iPhoneSimulator.ActiveCfg = Debug|iPhoneSimulator
		{0E752143-6BB4-477C-9016-08ECC5B3A2FB}.Debug|iPhoneSimulator.Build.0 = Debug|iPhoneSimulator
		{0E752143-6BB4-477C-9016-08ECC5B3A2FB}.Debug|x64.ActiveCfg = Debug|iPhoneSimulator
		{0E752143-6BB4-477C-9016-08ECC5B3A2FB}.Debug|x86.ActiveCfg = Debug|iPhoneSimulator
		{0E752143-6BB4-477C-9016-08ECC5B3A2FB}.Release|Any CPU.ActiveCfg = Release|iPhoneSimulator
		{0E752143-6BB4-477C-9016-08ECC5B3A2FB}.Release|ARM.ActiveCfg = Release|iPhoneSimulator
		{0E752143-6BB4-477C-9016-08ECC5B3A2FB}.Release|ARM64.ActiveCfg = Release|iPhoneSimulator
		{0E752143-6BB4-477C-9016-08ECC5B3A2FB}.Release|iPhone.ActiveCfg = Release|iPhoneSimulator
		{0E752143-6BB4-477C-9016-08ECC5B3A2FB}.Release|iPhoneSimulator.ActiveCfg = Release|iPhoneSimulator
		{0E752143-6BB4-477C-9016-08ECC5B3A2FB}.Release|iPhoneSimulator.Build.0 = Release|iPhoneSimulator
		{0E752143-6BB4-477C-9016-08ECC5B3A2FB}.Release|x64.ActiveCfg = Release|iPhoneSimulator
		{0E752143-6BB4-477C-9016-08ECC5B3A2FB}.Release|x86.ActiveCfg = Release|iPhoneSimulator
		{44AA17EB-24F4-4D35-A0F3-2694A949FD54}.Ad-Hoc|Any CPU.ActiveCfg = Debug|Any CPU
		{44AA17EB-24F4-4D35-A0F3-2694A949FD54}.Ad-Hoc|Any CPU.Build.0 = Debug|Any CPU
		{44AA17EB-24F4-4D35-A0F3-2694A949FD54}.Ad-Hoc|ARM.ActiveCfg = Debug|Any CPU
		{44AA17EB-24F4-4D35-A0F3-2694A949FD54}.Ad-Hoc|ARM.Build.0 = Debug|Any CPU
		{44AA17EB-24F4-4D35-A0F3-2694A949FD54}.Ad-Hoc|ARM64.ActiveCfg = Debug|Any CPU
		{44AA17EB-24F4-4D35-A0F3-2694A949FD54}.Ad-Hoc|ARM64.Build.0 = Debug|Any CPU
		{44AA17EB-24F4-4D35-A0F3-2694A949FD54}.Ad-Hoc|iPhone.ActiveCfg = Debug|Any CPU
		{44AA17EB-24F4-4D35-A0F3-2694A949FD54}.Ad-Hoc|iPhone.Build.0 = Debug|Any CPU
		{44AA17EB-24F4-4D35-A0F3-2694A949FD54}.Ad-Hoc|iPhoneSimulator.ActiveCfg = Debug|Any CPU
		{44AA17EB-24F4-4D35-A0F3-2694A949FD54}.Ad-Hoc|iPhoneSimulator.Build.0 = Debug|Any CPU
		{44AA17EB-24F4-4D35-A0F3-2694A949FD54}.Ad-Hoc|x64.ActiveCfg = Debug|Any CPU
		{44AA17EB-24F4-4D35-A0F3-2694A949FD54}.Ad-Hoc|x64.Build.0 = Debug|Any CPU
		{44AA17EB-24F4-4D35-A0F3-2694A949FD54}.Ad-Hoc|x86.ActiveCfg = Debug|Any CPU
		{44AA17EB-24F4-4D35-A0F3-2694A949FD54}.Ad-Hoc|x86.Build.0 = Debug|Any CPU
		{44AA17EB-24F4-4D35-A0F3-2694A949FD54}.AppStore|Any CPU.ActiveCfg = Debug|Any CPU
		{44AA17EB-24F4-4D35-A0F3-2694A949FD54}.AppStore|Any CPU.Build.0 = Debug|Any CPU
		{44AA17EB-24F4-4D35-A0F3-2694A949FD54}.AppStore|ARM.ActiveCfg = Debug|Any CPU
		{44AA17EB-24F4-4D35-A0F3-2694A949FD54}.AppStore|ARM.Build.0 = Debug|Any CPU
		{44AA17EB-24F4-4D35-A0F3-2694A949FD54}.AppStore|ARM64.ActiveCfg = Debug|Any CPU
		{44AA17EB-24F4-4D35-A0F3-2694A949FD54}.AppStore|ARM64.Build.0 = Debug|Any CPU
		{44AA17EB-24F4-4D35-A0F3-2694A949FD54}.AppStore|iPhone.ActiveCfg = Debug|Any CPU
		{44AA17EB-24F4-4D35-A0F3-2694A949FD54}.AppStore|iPhone.Build.0 = Debug|Any CPU
		{44AA17EB-24F4-4D35-A0F3-2694A949FD54}.AppStore|iPhoneSimulator.ActiveCfg = Debug|Any CPU
		{44AA17EB-24F4-4D35-A0F3-2694A949FD54}.AppStore|iPhoneSimulator.Build.0 = Debug|Any CPU
		{44AA17EB-24F4-4D35-A0F3-2694A949FD54}.AppStore|x64.ActiveCfg = Debug|Any CPU
		{44AA17EB-24F4-4D35-A0F3-2694A949FD54}.AppStore|x64.Build.0 = Debug|Any CPU
		{44AA17EB-24F4-4D35-A0F3-2694A949FD54}.AppStore|x86.ActiveCfg = Debug|Any CPU
		{44AA17EB-24F4-4D35-A0F3-2694A949FD54}.AppStore|x86.Build.0 = Debug|Any CPU
		{44AA17EB-24F4-4D35-A0F3-2694A949FD54}.Debug|Any CPU.ActiveCfg = Debug|Any CPU
		{44AA17EB-24F4-4D35-A0F3-2694A949FD54}.Debug|Any CPU.Build.0 = Debug|Any CPU
		{44AA17EB-24F4-4D35-A0F3-2694A949FD54}.Debug|ARM.ActiveCfg = Debug|Any CPU
		{44AA17EB-24F4-4D35-A0F3-2694A949FD54}.Debug|ARM.Build.0 = Debug|Any CPU
		{44AA17EB-24F4-4D35-A0F3-2694A949FD54}.Debug|ARM64.ActiveCfg = Debug|Any CPU
		{44AA17EB-24F4-4D35-A0F3-2694A949FD54}.Debug|ARM64.Build.0 = Debug|Any CPU
		{44AA17EB-24F4-4D35-A0F3-2694A949FD54}.Debug|iPhone.ActiveCfg = Debug|Any CPU
		{44AA17EB-24F4-4D35-A0F3-2694A949FD54}.Debug|iPhone.Build.0 = Debug|Any CPU
		{44AA17EB-24F4-4D35-A0F3-2694A949FD54}.Debug|iPhoneSimulator.ActiveCfg = Debug|Any CPU
		{44AA17EB-24F4-4D35-A0F3-2694A949FD54}.Debug|iPhoneSimulator.Build.0 = Debug|Any CPU
		{44AA17EB-24F4-4D35-A0F3-2694A949FD54}.Debug|x64.ActiveCfg = Debug|Any CPU
		{44AA17EB-24F4-4D35-A0F3-2694A949FD54}.Debug|x64.Build.0 = Debug|Any CPU
		{44AA17EB-24F4-4D35-A0F3-2694A949FD54}.Debug|x86.ActiveCfg = Debug|Any CPU
		{44AA17EB-24F4-4D35-A0F3-2694A949FD54}.Debug|x86.Build.0 = Debug|Any CPU
		{44AA17EB-24F4-4D35-A0F3-2694A949FD54}.Release|Any CPU.ActiveCfg = Release|Any CPU
		{44AA17EB-24F4-4D35-A0F3-2694A949FD54}.Release|Any CPU.Build.0 = Release|Any CPU
		{44AA17EB-24F4-4D35-A0F3-2694A949FD54}.Release|ARM.ActiveCfg = Release|Any CPU
		{44AA17EB-24F4-4D35-A0F3-2694A949FD54}.Release|ARM.Build.0 = Release|Any CPU
		{44AA17EB-24F4-4D35-A0F3-2694A949FD54}.Release|ARM64.ActiveCfg = Release|Any CPU
		{44AA17EB-24F4-4D35-A0F3-2694A949FD54}.Release|ARM64.Build.0 = Release|Any CPU
		{44AA17EB-24F4-4D35-A0F3-2694A949FD54}.Release|iPhone.ActiveCfg = Release|Any CPU
		{44AA17EB-24F4-4D35-A0F3-2694A949FD54}.Release|iPhone.Build.0 = Release|Any CPU
		{44AA17EB-24F4-4D35-A0F3-2694A949FD54}.Release|iPhoneSimulator.ActiveCfg = Release|Any CPU
		{44AA17EB-24F4-4D35-A0F3-2694A949FD54}.Release|iPhoneSimulator.Build.0 = Release|Any CPU
		{44AA17EB-24F4-4D35-A0F3-2694A949FD54}.Release|x64.ActiveCfg = Release|Any CPU
		{44AA17EB-24F4-4D35-A0F3-2694A949FD54}.Release|x64.Build.0 = Release|Any CPU
		{44AA17EB-24F4-4D35-A0F3-2694A949FD54}.Release|x86.ActiveCfg = Release|Any CPU
		{44AA17EB-24F4-4D35-A0F3-2694A949FD54}.Release|x86.Build.0 = Release|Any CPU
		{640F7419-73FE-497B-A6FE-0AA1872AE7C0}.Ad-Hoc|Any CPU.ActiveCfg = Debug|Any CPU
		{640F7419-73FE-497B-A6FE-0AA1872AE7C0}.Ad-Hoc|Any CPU.Build.0 = Debug|Any CPU
		{640F7419-73FE-497B-A6FE-0AA1872AE7C0}.Ad-Hoc|ARM.ActiveCfg = Debug|Any CPU
		{640F7419-73FE-497B-A6FE-0AA1872AE7C0}.Ad-Hoc|ARM.Build.0 = Debug|Any CPU
		{640F7419-73FE-497B-A6FE-0AA1872AE7C0}.Ad-Hoc|ARM64.ActiveCfg = Debug|Any CPU
		{640F7419-73FE-497B-A6FE-0AA1872AE7C0}.Ad-Hoc|ARM64.Build.0 = Debug|Any CPU
		{640F7419-73FE-497B-A6FE-0AA1872AE7C0}.Ad-Hoc|iPhone.ActiveCfg = Debug|Any CPU
		{640F7419-73FE-497B-A6FE-0AA1872AE7C0}.Ad-Hoc|iPhone.Build.0 = Debug|Any CPU
		{640F7419-73FE-497B-A6FE-0AA1872AE7C0}.Ad-Hoc|iPhoneSimulator.ActiveCfg = Debug|Any CPU
		{640F7419-73FE-497B-A6FE-0AA1872AE7C0}.Ad-Hoc|iPhoneSimulator.Build.0 = Debug|Any CPU
		{640F7419-73FE-497B-A6FE-0AA1872AE7C0}.Ad-Hoc|x64.ActiveCfg = Debug|Any CPU
		{640F7419-73FE-497B-A6FE-0AA1872AE7C0}.Ad-Hoc|x64.Build.0 = Debug|Any CPU
		{640F7419-73FE-497B-A6FE-0AA1872AE7C0}.Ad-Hoc|x86.ActiveCfg = Debug|Any CPU
		{640F7419-73FE-497B-A6FE-0AA1872AE7C0}.Ad-Hoc|x86.Build.0 = Debug|Any CPU
		{640F7419-73FE-497B-A6FE-0AA1872AE7C0}.AppStore|Any CPU.ActiveCfg = Debug|Any CPU
		{640F7419-73FE-497B-A6FE-0AA1872AE7C0}.AppStore|Any CPU.Build.0 = Debug|Any CPU
		{640F7419-73FE-497B-A6FE-0AA1872AE7C0}.AppStore|ARM.ActiveCfg = Debug|Any CPU
		{640F7419-73FE-497B-A6FE-0AA1872AE7C0}.AppStore|ARM.Build.0 = Debug|Any CPU
		{640F7419-73FE-497B-A6FE-0AA1872AE7C0}.AppStore|ARM64.ActiveCfg = Debug|Any CPU
		{640F7419-73FE-497B-A6FE-0AA1872AE7C0}.AppStore|ARM64.Build.0 = Debug|Any CPU
		{640F7419-73FE-497B-A6FE-0AA1872AE7C0}.AppStore|iPhone.ActiveCfg = Debug|Any CPU
		{640F7419-73FE-497B-A6FE-0AA1872AE7C0}.AppStore|iPhone.Build.0 = Debug|Any CPU
		{640F7419-73FE-497B-A6FE-0AA1872AE7C0}.AppStore|iPhoneSimulator.ActiveCfg = Debug|Any CPU
		{640F7419-73FE-497B-A6FE-0AA1872AE7C0}.AppStore|iPhoneSimulator.Build.0 = Debug|Any CPU
		{640F7419-73FE-497B-A6FE-0AA1872AE7C0}.AppStore|x64.ActiveCfg = Debug|Any CPU
		{640F7419-73FE-497B-A6FE-0AA1872AE7C0}.AppStore|x64.Build.0 = Debug|Any CPU
		{640F7419-73FE-497B-A6FE-0AA1872AE7C0}.AppStore|x86.ActiveCfg = Debug|Any CPU
		{640F7419-73FE-497B-A6FE-0AA1872AE7C0}.AppStore|x86.Build.0 = Debug|Any CPU
		{640F7419-73FE-497B-A6FE-0AA1872AE7C0}.Debug|Any CPU.ActiveCfg = Debug|Any CPU
		{640F7419-73FE-497B-A6FE-0AA1872AE7C0}.Debug|Any CPU.Build.0 = Debug|Any CPU
		{640F7419-73FE-497B-A6FE-0AA1872AE7C0}.Debug|ARM.ActiveCfg = Debug|Any CPU
		{640F7419-73FE-497B-A6FE-0AA1872AE7C0}.Debug|ARM.Build.0 = Debug|Any CPU
		{640F7419-73FE-497B-A6FE-0AA1872AE7C0}.Debug|ARM64.ActiveCfg = Debug|Any CPU
		{640F7419-73FE-497B-A6FE-0AA1872AE7C0}.Debug|ARM64.Build.0 = Debug|Any CPU
		{640F7419-73FE-497B-A6FE-0AA1872AE7C0}.Debug|iPhone.ActiveCfg = Debug|Any CPU
		{640F7419-73FE-497B-A6FE-0AA1872AE7C0}.Debug|iPhone.Build.0 = Debug|Any CPU
		{640F7419-73FE-497B-A6FE-0AA1872AE7C0}.Debug|iPhoneSimulator.ActiveCfg = Debug|Any CPU
		{640F7419-73FE-497B-A6FE-0AA1872AE7C0}.Debug|iPhoneSimulator.Build.0 = Debug|Any CPU
		{640F7419-73FE-497B-A6FE-0AA1872AE7C0}.Debug|x64.ActiveCfg = Debug|Any CPU
		{640F7419-73FE-497B-A6FE-0AA1872AE7C0}.Debug|x64.Build.0 = Debug|Any CPU
		{640F7419-73FE-497B-A6FE-0AA1872AE7C0}.Debug|x86.ActiveCfg = Debug|Any CPU
		{640F7419-73FE-497B-A6FE-0AA1872AE7C0}.Debug|x86.Build.0 = Debug|Any CPU
		{640F7419-73FE-497B-A6FE-0AA1872AE7C0}.Release|Any CPU.ActiveCfg = Release|Any CPU
		{640F7419-73FE-497B-A6FE-0AA1872AE7C0}.Release|Any CPU.Build.0 = Release|Any CPU
		{640F7419-73FE-497B-A6FE-0AA1872AE7C0}.Release|ARM.ActiveCfg = Release|Any CPU
		{640F7419-73FE-497B-A6FE-0AA1872AE7C0}.Release|ARM.Build.0 = Release|Any CPU
		{640F7419-73FE-497B-A6FE-0AA1872AE7C0}.Release|ARM64.ActiveCfg = Release|Any CPU
		{640F7419-73FE-497B-A6FE-0AA1872AE7C0}.Release|ARM64.Build.0 = Release|Any CPU
		{640F7419-73FE-497B-A6FE-0AA1872AE7C0}.Release|iPhone.ActiveCfg = Release|Any CPU
		{640F7419-73FE-497B-A6FE-0AA1872AE7C0}.Release|iPhone.Build.0 = Release|Any CPU
		{640F7419-73FE-497B-A6FE-0AA1872AE7C0}.Release|iPhoneSimulator.ActiveCfg = Release|Any CPU
		{640F7419-73FE-497B-A6FE-0AA1872AE7C0}.Release|iPhoneSimulator.Build.0 = Release|Any CPU
		{640F7419-73FE-497B-A6FE-0AA1872AE7C0}.Release|x64.ActiveCfg = Release|Any CPU
		{640F7419-73FE-497B-A6FE-0AA1872AE7C0}.Release|x64.Build.0 = Release|Any CPU
		{640F7419-73FE-497B-A6FE-0AA1872AE7C0}.Release|x86.ActiveCfg = Release|Any CPU
		{640F7419-73FE-497B-A6FE-0AA1872AE7C0}.Release|x86.Build.0 = Release|Any CPU
		{32E7A59F-1805-4FBF-A119-D91F50E7E65B}.Ad-Hoc|Any CPU.ActiveCfg = Debug|Any CPU
		{32E7A59F-1805-4FBF-A119-D91F50E7E65B}.Ad-Hoc|Any CPU.Build.0 = Debug|Any CPU
		{32E7A59F-1805-4FBF-A119-D91F50E7E65B}.Ad-Hoc|ARM.ActiveCfg = Debug|Any CPU
		{32E7A59F-1805-4FBF-A119-D91F50E7E65B}.Ad-Hoc|ARM.Build.0 = Debug|Any CPU
		{32E7A59F-1805-4FBF-A119-D91F50E7E65B}.Ad-Hoc|ARM64.ActiveCfg = Debug|Any CPU
		{32E7A59F-1805-4FBF-A119-D91F50E7E65B}.Ad-Hoc|ARM64.Build.0 = Debug|Any CPU
		{32E7A59F-1805-4FBF-A119-D91F50E7E65B}.Ad-Hoc|iPhone.ActiveCfg = Debug|Any CPU
		{32E7A59F-1805-4FBF-A119-D91F50E7E65B}.Ad-Hoc|iPhone.Build.0 = Debug|Any CPU
		{32E7A59F-1805-4FBF-A119-D91F50E7E65B}.Ad-Hoc|iPhoneSimulator.ActiveCfg = Debug|Any CPU
		{32E7A59F-1805-4FBF-A119-D91F50E7E65B}.Ad-Hoc|iPhoneSimulator.Build.0 = Debug|Any CPU
		{32E7A59F-1805-4FBF-A119-D91F50E7E65B}.Ad-Hoc|x64.ActiveCfg = Debug|Any CPU
		{32E7A59F-1805-4FBF-A119-D91F50E7E65B}.Ad-Hoc|x64.Build.0 = Debug|Any CPU
		{32E7A59F-1805-4FBF-A119-D91F50E7E65B}.Ad-Hoc|x86.ActiveCfg = Debug|Any CPU
		{32E7A59F-1805-4FBF-A119-D91F50E7E65B}.Ad-Hoc|x86.Build.0 = Debug|Any CPU
		{32E7A59F-1805-4FBF-A119-D91F50E7E65B}.AppStore|Any CPU.ActiveCfg = Debug|Any CPU
		{32E7A59F-1805-4FBF-A119-D91F50E7E65B}.AppStore|Any CPU.Build.0 = Debug|Any CPU
		{32E7A59F-1805-4FBF-A119-D91F50E7E65B}.AppStore|ARM.ActiveCfg = Debug|Any CPU
		{32E7A59F-1805-4FBF-A119-D91F50E7E65B}.AppStore|ARM.Build.0 = Debug|Any CPU
		{32E7A59F-1805-4FBF-A119-D91F50E7E65B}.AppStore|ARM64.ActiveCfg = Debug|Any CPU
		{32E7A59F-1805-4FBF-A119-D91F50E7E65B}.AppStore|ARM64.Build.0 = Debug|Any CPU
		{32E7A59F-1805-4FBF-A119-D91F50E7E65B}.AppStore|iPhone.ActiveCfg = Debug|Any CPU
		{32E7A59F-1805-4FBF-A119-D91F50E7E65B}.AppStore|iPhone.Build.0 = Debug|Any CPU
		{32E7A59F-1805-4FBF-A119-D91F50E7E65B}.AppStore|iPhoneSimulator.ActiveCfg = Debug|Any CPU
		{32E7A59F-1805-4FBF-A119-D91F50E7E65B}.AppStore|iPhoneSimulator.Build.0 = Debug|Any CPU
		{32E7A59F-1805-4FBF-A119-D91F50E7E65B}.AppStore|x64.ActiveCfg = Debug|Any CPU
		{32E7A59F-1805-4FBF-A119-D91F50E7E65B}.AppStore|x64.Build.0 = Debug|Any CPU
		{32E7A59F-1805-4FBF-A119-D91F50E7E65B}.AppStore|x86.ActiveCfg = Debug|Any CPU
		{32E7A59F-1805-4FBF-A119-D91F50E7E65B}.AppStore|x86.Build.0 = Debug|Any CPU
		{32E7A59F-1805-4FBF-A119-D91F50E7E65B}.Debug|Any CPU.ActiveCfg = Debug|Any CPU
		{32E7A59F-1805-4FBF-A119-D91F50E7E65B}.Debug|Any CPU.Build.0 = Debug|Any CPU
		{32E7A59F-1805-4FBF-A119-D91F50E7E65B}.Debug|ARM.ActiveCfg = Debug|Any CPU
		{32E7A59F-1805-4FBF-A119-D91F50E7E65B}.Debug|ARM.Build.0 = Debug|Any CPU
		{32E7A59F-1805-4FBF-A119-D91F50E7E65B}.Debug|ARM64.ActiveCfg = Debug|Any CPU
		{32E7A59F-1805-4FBF-A119-D91F50E7E65B}.Debug|ARM64.Build.0 = Debug|Any CPU
		{32E7A59F-1805-4FBF-A119-D91F50E7E65B}.Debug|iPhone.ActiveCfg = Debug|Any CPU
		{32E7A59F-1805-4FBF-A119-D91F50E7E65B}.Debug|iPhone.Build.0 = Debug|Any CPU
		{32E7A59F-1805-4FBF-A119-D91F50E7E65B}.Debug|iPhoneSimulator.ActiveCfg = Debug|Any CPU
		{32E7A59F-1805-4FBF-A119-D91F50E7E65B}.Debug|iPhoneSimulator.Build.0 = Debug|Any CPU
		{32E7A59F-1805-4FBF-A119-D91F50E7E65B}.Debug|x64.ActiveCfg = Debug|Any CPU
		{32E7A59F-1805-4FBF-A119-D91F50E7E65B}.Debug|x64.Build.0 = Debug|Any CPU
		{32E7A59F-1805-4FBF-A119-D91F50E7E65B}.Debug|x86.ActiveCfg = Debug|Any CPU
		{32E7A59F-1805-4FBF-A119-D91F50E7E65B}.Debug|x86.Build.0 = Debug|Any CPU
		{32E7A59F-1805-4FBF-A119-D91F50E7E65B}.Release|Any CPU.ActiveCfg = Release|Any CPU
		{32E7A59F-1805-4FBF-A119-D91F50E7E65B}.Release|Any CPU.Build.0 = Release|Any CPU
		{32E7A59F-1805-4FBF-A119-D91F50E7E65B}.Release|ARM.ActiveCfg = Release|Any CPU
		{32E7A59F-1805-4FBF-A119-D91F50E7E65B}.Release|ARM.Build.0 = Release|Any CPU
		{32E7A59F-1805-4FBF-A119-D91F50E7E65B}.Release|ARM64.ActiveCfg = Release|Any CPU
		{32E7A59F-1805-4FBF-A119-D91F50E7E65B}.Release|ARM64.Build.0 = Release|Any CPU
		{32E7A59F-1805-4FBF-A119-D91F50E7E65B}.Release|iPhone.ActiveCfg = Release|Any CPU
		{32E7A59F-1805-4FBF-A119-D91F50E7E65B}.Release|iPhone.Build.0 = Release|Any CPU
		{32E7A59F-1805-4FBF-A119-D91F50E7E65B}.Release|iPhoneSimulator.ActiveCfg = Release|Any CPU
		{32E7A59F-1805-4FBF-A119-D91F50E7E65B}.Release|iPhoneSimulator.Build.0 = Release|Any CPU
		{32E7A59F-1805-4FBF-A119-D91F50E7E65B}.Release|x64.ActiveCfg = Release|Any CPU
		{32E7A59F-1805-4FBF-A119-D91F50E7E65B}.Release|x64.Build.0 = Release|Any CPU
		{32E7A59F-1805-4FBF-A119-D91F50E7E65B}.Release|x86.ActiveCfg = Release|Any CPU
		{32E7A59F-1805-4FBF-A119-D91F50E7E65B}.Release|x86.Build.0 = Release|Any CPU
		{6ED68706-48FF-48FF-9FA9-F0950973763D}.Ad-Hoc|Any CPU.ActiveCfg = Debug|Any CPU
		{6ED68706-48FF-48FF-9FA9-F0950973763D}.Ad-Hoc|Any CPU.Build.0 = Debug|Any CPU
		{6ED68706-48FF-48FF-9FA9-F0950973763D}.Ad-Hoc|ARM.ActiveCfg = Debug|Any CPU
		{6ED68706-48FF-48FF-9FA9-F0950973763D}.Ad-Hoc|ARM.Build.0 = Debug|Any CPU
		{6ED68706-48FF-48FF-9FA9-F0950973763D}.Ad-Hoc|ARM64.ActiveCfg = Debug|Any CPU
		{6ED68706-48FF-48FF-9FA9-F0950973763D}.Ad-Hoc|ARM64.Build.0 = Debug|Any CPU
		{6ED68706-48FF-48FF-9FA9-F0950973763D}.Ad-Hoc|iPhone.ActiveCfg = Debug|Any CPU
		{6ED68706-48FF-48FF-9FA9-F0950973763D}.Ad-Hoc|iPhone.Build.0 = Debug|Any CPU
		{6ED68706-48FF-48FF-9FA9-F0950973763D}.Ad-Hoc|iPhoneSimulator.ActiveCfg = Debug|Any CPU
		{6ED68706-48FF-48FF-9FA9-F0950973763D}.Ad-Hoc|iPhoneSimulator.Build.0 = Debug|Any CPU
		{6ED68706-48FF-48FF-9FA9-F0950973763D}.Ad-Hoc|x64.ActiveCfg = Debug|Any CPU
		{6ED68706-48FF-48FF-9FA9-F0950973763D}.Ad-Hoc|x64.Build.0 = Debug|Any CPU
		{6ED68706-48FF-48FF-9FA9-F0950973763D}.Ad-Hoc|x86.ActiveCfg = Debug|Any CPU
		{6ED68706-48FF-48FF-9FA9-F0950973763D}.Ad-Hoc|x86.Build.0 = Debug|Any CPU
		{6ED68706-48FF-48FF-9FA9-F0950973763D}.AppStore|Any CPU.ActiveCfg = Debug|Any CPU
		{6ED68706-48FF-48FF-9FA9-F0950973763D}.AppStore|Any CPU.Build.0 = Debug|Any CPU
		{6ED68706-48FF-48FF-9FA9-F0950973763D}.AppStore|ARM.ActiveCfg = Debug|Any CPU
		{6ED68706-48FF-48FF-9FA9-F0950973763D}.AppStore|ARM.Build.0 = Debug|Any CPU
		{6ED68706-48FF-48FF-9FA9-F0950973763D}.AppStore|ARM64.ActiveCfg = Debug|Any CPU
		{6ED68706-48FF-48FF-9FA9-F0950973763D}.AppStore|ARM64.Build.0 = Debug|Any CPU
		{6ED68706-48FF-48FF-9FA9-F0950973763D}.AppStore|iPhone.ActiveCfg = Debug|Any CPU
		{6ED68706-48FF-48FF-9FA9-F0950973763D}.AppStore|iPhone.Build.0 = Debug|Any CPU
		{6ED68706-48FF-48FF-9FA9-F0950973763D}.AppStore|iPhoneSimulator.ActiveCfg = Debug|Any CPU
		{6ED68706-48FF-48FF-9FA9-F0950973763D}.AppStore|iPhoneSimulator.Build.0 = Debug|Any CPU
		{6ED68706-48FF-48FF-9FA9-F0950973763D}.AppStore|x64.ActiveCfg = Debug|Any CPU
		{6ED68706-48FF-48FF-9FA9-F0950973763D}.AppStore|x64.Build.0 = Debug|Any CPU
		{6ED68706-48FF-48FF-9FA9-F0950973763D}.AppStore|x86.ActiveCfg = Debug|Any CPU
		{6ED68706-48FF-48FF-9FA9-F0950973763D}.AppStore|x86.Build.0 = Debug|Any CPU
		{6ED68706-48FF-48FF-9FA9-F0950973763D}.Debug|Any CPU.ActiveCfg = Debug|Any CPU
		{6ED68706-48FF-48FF-9FA9-F0950973763D}.Debug|Any CPU.Build.0 = Debug|Any CPU
		{6ED68706-48FF-48FF-9FA9-F0950973763D}.Debug|ARM.ActiveCfg = Debug|Any CPU
		{6ED68706-48FF-48FF-9FA9-F0950973763D}.Debug|ARM.Build.0 = Debug|Any CPU
		{6ED68706-48FF-48FF-9FA9-F0950973763D}.Debug|ARM64.ActiveCfg = Debug|Any CPU
		{6ED68706-48FF-48FF-9FA9-F0950973763D}.Debug|ARM64.Build.0 = Debug|Any CPU
		{6ED68706-48FF-48FF-9FA9-F0950973763D}.Debug|iPhone.ActiveCfg = Debug|Any CPU
		{6ED68706-48FF-48FF-9FA9-F0950973763D}.Debug|iPhone.Build.0 = Debug|Any CPU
		{6ED68706-48FF-48FF-9FA9-F0950973763D}.Debug|iPhoneSimulator.ActiveCfg = Debug|Any CPU
		{6ED68706-48FF-48FF-9FA9-F0950973763D}.Debug|iPhoneSimulator.Build.0 = Debug|Any CPU
		{6ED68706-48FF-48FF-9FA9-F0950973763D}.Debug|x64.ActiveCfg = Debug|Any CPU
		{6ED68706-48FF-48FF-9FA9-F0950973763D}.Debug|x64.Build.0 = Debug|Any CPU
		{6ED68706-48FF-48FF-9FA9-F0950973763D}.Debug|x86.ActiveCfg = Debug|Any CPU
		{6ED68706-48FF-48FF-9FA9-F0950973763D}.Debug|x86.Build.0 = Debug|Any CPU
		{6ED68706-48FF-48FF-9FA9-F0950973763D}.Release|Any CPU.ActiveCfg = Release|Any CPU
		{6ED68706-48FF-48FF-9FA9-F0950973763D}.Release|Any CPU.Build.0 = Release|Any CPU
		{6ED68706-48FF-48FF-9FA9-F0950973763D}.Release|ARM.ActiveCfg = Release|Any CPU
		{6ED68706-48FF-48FF-9FA9-F0950973763D}.Release|ARM.Build.0 = Release|Any CPU
		{6ED68706-48FF-48FF-9FA9-F0950973763D}.Release|ARM64.ActiveCfg = Release|Any CPU
		{6ED68706-48FF-48FF-9FA9-F0950973763D}.Release|ARM64.Build.0 = Release|Any CPU
		{6ED68706-48FF-48FF-9FA9-F0950973763D}.Release|iPhone.ActiveCfg = Release|Any CPU
		{6ED68706-48FF-48FF-9FA9-F0950973763D}.Release|iPhone.Build.0 = Release|Any CPU
		{6ED68706-48FF-48FF-9FA9-F0950973763D}.Release|iPhoneSimulator.ActiveCfg = Release|Any CPU
		{6ED68706-48FF-48FF-9FA9-F0950973763D}.Release|iPhoneSimulator.Build.0 = Release|Any CPU
		{6ED68706-48FF-48FF-9FA9-F0950973763D}.Release|x64.ActiveCfg = Release|Any CPU
		{6ED68706-48FF-48FF-9FA9-F0950973763D}.Release|x64.Build.0 = Release|Any CPU
		{6ED68706-48FF-48FF-9FA9-F0950973763D}.Release|x86.ActiveCfg = Release|Any CPU
		{6ED68706-48FF-48FF-9FA9-F0950973763D}.Release|x86.Build.0 = Release|Any CPU
		{5FD59525-3806-46E1-84DD-63C32BFFCE30}.Ad-Hoc|Any CPU.ActiveCfg = Debug|x86
		{5FD59525-3806-46E1-84DD-63C32BFFCE30}.Ad-Hoc|Any CPU.Build.0 = Debug|x86
		{5FD59525-3806-46E1-84DD-63C32BFFCE30}.Ad-Hoc|Any CPU.Deploy.0 = Debug|x86
		{5FD59525-3806-46E1-84DD-63C32BFFCE30}.Ad-Hoc|ARM.ActiveCfg = Debug|ARM
		{5FD59525-3806-46E1-84DD-63C32BFFCE30}.Ad-Hoc|ARM.Build.0 = Debug|ARM
		{5FD59525-3806-46E1-84DD-63C32BFFCE30}.Ad-Hoc|ARM.Deploy.0 = Debug|ARM
		{5FD59525-3806-46E1-84DD-63C32BFFCE30}.Ad-Hoc|ARM64.ActiveCfg = Debug|ARM64
		{5FD59525-3806-46E1-84DD-63C32BFFCE30}.Ad-Hoc|ARM64.Build.0 = Debug|ARM64
		{5FD59525-3806-46E1-84DD-63C32BFFCE30}.Ad-Hoc|ARM64.Deploy.0 = Debug|ARM64
		{5FD59525-3806-46E1-84DD-63C32BFFCE30}.Ad-Hoc|iPhone.ActiveCfg = Debug|x86
		{5FD59525-3806-46E1-84DD-63C32BFFCE30}.Ad-Hoc|iPhone.Build.0 = Debug|x86
		{5FD59525-3806-46E1-84DD-63C32BFFCE30}.Ad-Hoc|iPhone.Deploy.0 = Debug|x86
		{5FD59525-3806-46E1-84DD-63C32BFFCE30}.Ad-Hoc|iPhoneSimulator.ActiveCfg = Debug|x86
		{5FD59525-3806-46E1-84DD-63C32BFFCE30}.Ad-Hoc|iPhoneSimulator.Build.0 = Debug|x86
		{5FD59525-3806-46E1-84DD-63C32BFFCE30}.Ad-Hoc|iPhoneSimulator.Deploy.0 = Debug|x86
		{5FD59525-3806-46E1-84DD-63C32BFFCE30}.Ad-Hoc|x64.ActiveCfg = Debug|x64
		{5FD59525-3806-46E1-84DD-63C32BFFCE30}.Ad-Hoc|x64.Build.0 = Debug|x64
		{5FD59525-3806-46E1-84DD-63C32BFFCE30}.Ad-Hoc|x64.Deploy.0 = Debug|x64
		{5FD59525-3806-46E1-84DD-63C32BFFCE30}.Ad-Hoc|x86.ActiveCfg = Debug|x86
		{5FD59525-3806-46E1-84DD-63C32BFFCE30}.Ad-Hoc|x86.Build.0 = Debug|x86
		{5FD59525-3806-46E1-84DD-63C32BFFCE30}.Ad-Hoc|x86.Deploy.0 = Debug|x86
		{5FD59525-3806-46E1-84DD-63C32BFFCE30}.AppStore|Any CPU.ActiveCfg = Debug|x86
		{5FD59525-3806-46E1-84DD-63C32BFFCE30}.AppStore|Any CPU.Build.0 = Debug|x86
		{5FD59525-3806-46E1-84DD-63C32BFFCE30}.AppStore|Any CPU.Deploy.0 = Debug|x86
		{5FD59525-3806-46E1-84DD-63C32BFFCE30}.AppStore|ARM.ActiveCfg = Debug|ARM
		{5FD59525-3806-46E1-84DD-63C32BFFCE30}.AppStore|ARM.Build.0 = Debug|ARM
		{5FD59525-3806-46E1-84DD-63C32BFFCE30}.AppStore|ARM.Deploy.0 = Debug|ARM
		{5FD59525-3806-46E1-84DD-63C32BFFCE30}.AppStore|ARM64.ActiveCfg = Debug|ARM64
		{5FD59525-3806-46E1-84DD-63C32BFFCE30}.AppStore|ARM64.Build.0 = Debug|ARM64
		{5FD59525-3806-46E1-84DD-63C32BFFCE30}.AppStore|ARM64.Deploy.0 = Debug|ARM64
		{5FD59525-3806-46E1-84DD-63C32BFFCE30}.AppStore|iPhone.ActiveCfg = Debug|x86
		{5FD59525-3806-46E1-84DD-63C32BFFCE30}.AppStore|iPhone.Build.0 = Debug|x86
		{5FD59525-3806-46E1-84DD-63C32BFFCE30}.AppStore|iPhone.Deploy.0 = Debug|x86
		{5FD59525-3806-46E1-84DD-63C32BFFCE30}.AppStore|iPhoneSimulator.ActiveCfg = Debug|x86
		{5FD59525-3806-46E1-84DD-63C32BFFCE30}.AppStore|iPhoneSimulator.Build.0 = Debug|x86
		{5FD59525-3806-46E1-84DD-63C32BFFCE30}.AppStore|iPhoneSimulator.Deploy.0 = Debug|x86
		{5FD59525-3806-46E1-84DD-63C32BFFCE30}.AppStore|x64.ActiveCfg = Debug|x64
		{5FD59525-3806-46E1-84DD-63C32BFFCE30}.AppStore|x64.Build.0 = Debug|x64
		{5FD59525-3806-46E1-84DD-63C32BFFCE30}.AppStore|x64.Deploy.0 = Debug|x64
		{5FD59525-3806-46E1-84DD-63C32BFFCE30}.AppStore|x86.ActiveCfg = Debug|x86
		{5FD59525-3806-46E1-84DD-63C32BFFCE30}.AppStore|x86.Build.0 = Debug|x86
		{5FD59525-3806-46E1-84DD-63C32BFFCE30}.AppStore|x86.Deploy.0 = Debug|x86
		{5FD59525-3806-46E1-84DD-63C32BFFCE30}.Debug|Any CPU.ActiveCfg = Debug|x86
		{5FD59525-3806-46E1-84DD-63C32BFFCE30}.Debug|Any CPU.Build.0 = Debug|x86
		{5FD59525-3806-46E1-84DD-63C32BFFCE30}.Debug|Any CPU.Deploy.0 = Debug|x86
		{5FD59525-3806-46E1-84DD-63C32BFFCE30}.Debug|ARM.ActiveCfg = Debug|ARM
		{5FD59525-3806-46E1-84DD-63C32BFFCE30}.Debug|ARM.Build.0 = Debug|ARM
		{5FD59525-3806-46E1-84DD-63C32BFFCE30}.Debug|ARM.Deploy.0 = Debug|ARM
		{5FD59525-3806-46E1-84DD-63C32BFFCE30}.Debug|ARM64.ActiveCfg = Debug|ARM64
		{5FD59525-3806-46E1-84DD-63C32BFFCE30}.Debug|ARM64.Build.0 = Debug|ARM64
		{5FD59525-3806-46E1-84DD-63C32BFFCE30}.Debug|ARM64.Deploy.0 = Debug|ARM64
		{5FD59525-3806-46E1-84DD-63C32BFFCE30}.Debug|iPhone.ActiveCfg = Debug|x86
		{5FD59525-3806-46E1-84DD-63C32BFFCE30}.Debug|iPhoneSimulator.ActiveCfg = Debug|x86
		{5FD59525-3806-46E1-84DD-63C32BFFCE30}.Debug|x64.ActiveCfg = Debug|x64
		{5FD59525-3806-46E1-84DD-63C32BFFCE30}.Debug|x64.Build.0 = Debug|x64
		{5FD59525-3806-46E1-84DD-63C32BFFCE30}.Debug|x64.Deploy.0 = Debug|x64
		{5FD59525-3806-46E1-84DD-63C32BFFCE30}.Debug|x86.ActiveCfg = Debug|x86
		{5FD59525-3806-46E1-84DD-63C32BFFCE30}.Debug|x86.Build.0 = Debug|x86
		{5FD59525-3806-46E1-84DD-63C32BFFCE30}.Debug|x86.Deploy.0 = Debug|x86
		{5FD59525-3806-46E1-84DD-63C32BFFCE30}.Release|Any CPU.ActiveCfg = Release|x86
		{5FD59525-3806-46E1-84DD-63C32BFFCE30}.Release|ARM.ActiveCfg = Release|ARM
		{5FD59525-3806-46E1-84DD-63C32BFFCE30}.Release|ARM.Build.0 = Release|ARM
		{5FD59525-3806-46E1-84DD-63C32BFFCE30}.Release|ARM.Deploy.0 = Release|ARM
		{5FD59525-3806-46E1-84DD-63C32BFFCE30}.Release|ARM64.ActiveCfg = Release|ARM64
		{5FD59525-3806-46E1-84DD-63C32BFFCE30}.Release|ARM64.Build.0 = Release|ARM64
		{5FD59525-3806-46E1-84DD-63C32BFFCE30}.Release|ARM64.Deploy.0 = Release|ARM64
		{5FD59525-3806-46E1-84DD-63C32BFFCE30}.Release|iPhone.ActiveCfg = Release|x86
		{5FD59525-3806-46E1-84DD-63C32BFFCE30}.Release|iPhoneSimulator.ActiveCfg = Release|x86
		{5FD59525-3806-46E1-84DD-63C32BFFCE30}.Release|x64.ActiveCfg = Release|x64
		{5FD59525-3806-46E1-84DD-63C32BFFCE30}.Release|x64.Build.0 = Release|x64
		{5FD59525-3806-46E1-84DD-63C32BFFCE30}.Release|x64.Deploy.0 = Release|x64
		{5FD59525-3806-46E1-84DD-63C32BFFCE30}.Release|x86.ActiveCfg = Release|x86
		{5FD59525-3806-46E1-84DD-63C32BFFCE30}.Release|x86.Build.0 = Release|x86
		{5FD59525-3806-46E1-84DD-63C32BFFCE30}.Release|x86.Deploy.0 = Release|x86
		{DAA1F70F-F262-4596-B207-923E2FD9EEF4}.Ad-Hoc|Any CPU.ActiveCfg = Debug|Any CPU
		{DAA1F70F-F262-4596-B207-923E2FD9EEF4}.Ad-Hoc|Any CPU.Build.0 = Debug|Any CPU
		{DAA1F70F-F262-4596-B207-923E2FD9EEF4}.Ad-Hoc|ARM.ActiveCfg = Debug|Any CPU
		{DAA1F70F-F262-4596-B207-923E2FD9EEF4}.Ad-Hoc|ARM.Build.0 = Debug|Any CPU
		{DAA1F70F-F262-4596-B207-923E2FD9EEF4}.Ad-Hoc|ARM64.ActiveCfg = Debug|Any CPU
		{DAA1F70F-F262-4596-B207-923E2FD9EEF4}.Ad-Hoc|ARM64.Build.0 = Debug|Any CPU
		{DAA1F70F-F262-4596-B207-923E2FD9EEF4}.Ad-Hoc|iPhone.ActiveCfg = Debug|Any CPU
		{DAA1F70F-F262-4596-B207-923E2FD9EEF4}.Ad-Hoc|iPhone.Build.0 = Debug|Any CPU
		{DAA1F70F-F262-4596-B207-923E2FD9EEF4}.Ad-Hoc|iPhoneSimulator.ActiveCfg = Debug|Any CPU
		{DAA1F70F-F262-4596-B207-923E2FD9EEF4}.Ad-Hoc|iPhoneSimulator.Build.0 = Debug|Any CPU
		{DAA1F70F-F262-4596-B207-923E2FD9EEF4}.Ad-Hoc|x64.ActiveCfg = Debug|Any CPU
		{DAA1F70F-F262-4596-B207-923E2FD9EEF4}.Ad-Hoc|x64.Build.0 = Debug|Any CPU
		{DAA1F70F-F262-4596-B207-923E2FD9EEF4}.Ad-Hoc|x86.ActiveCfg = Debug|Any CPU
		{DAA1F70F-F262-4596-B207-923E2FD9EEF4}.Ad-Hoc|x86.Build.0 = Debug|Any CPU
		{DAA1F70F-F262-4596-B207-923E2FD9EEF4}.AppStore|Any CPU.ActiveCfg = Debug|Any CPU
		{DAA1F70F-F262-4596-B207-923E2FD9EEF4}.AppStore|Any CPU.Build.0 = Debug|Any CPU
		{DAA1F70F-F262-4596-B207-923E2FD9EEF4}.AppStore|ARM.ActiveCfg = Debug|Any CPU
		{DAA1F70F-F262-4596-B207-923E2FD9EEF4}.AppStore|ARM.Build.0 = Debug|Any CPU
		{DAA1F70F-F262-4596-B207-923E2FD9EEF4}.AppStore|ARM64.ActiveCfg = Debug|Any CPU
		{DAA1F70F-F262-4596-B207-923E2FD9EEF4}.AppStore|ARM64.Build.0 = Debug|Any CPU
		{DAA1F70F-F262-4596-B207-923E2FD9EEF4}.AppStore|iPhone.ActiveCfg = Debug|Any CPU
		{DAA1F70F-F262-4596-B207-923E2FD9EEF4}.AppStore|iPhone.Build.0 = Debug|Any CPU
		{DAA1F70F-F262-4596-B207-923E2FD9EEF4}.AppStore|iPhoneSimulator.ActiveCfg = Debug|Any CPU
		{DAA1F70F-F262-4596-B207-923E2FD9EEF4}.AppStore|iPhoneSimulator.Build.0 = Debug|Any CPU
		{DAA1F70F-F262-4596-B207-923E2FD9EEF4}.AppStore|x64.ActiveCfg = Debug|Any CPU
		{DAA1F70F-F262-4596-B207-923E2FD9EEF4}.AppStore|x64.Build.0 = Debug|Any CPU
		{DAA1F70F-F262-4596-B207-923E2FD9EEF4}.AppStore|x86.ActiveCfg = Debug|Any CPU
		{DAA1F70F-F262-4596-B207-923E2FD9EEF4}.AppStore|x86.Build.0 = Debug|Any CPU
		{DAA1F70F-F262-4596-B207-923E2FD9EEF4}.Debug|Any CPU.ActiveCfg = Debug|Any CPU
		{DAA1F70F-F262-4596-B207-923E2FD9EEF4}.Debug|Any CPU.Build.0 = Debug|Any CPU
		{DAA1F70F-F262-4596-B207-923E2FD9EEF4}.Debug|ARM.ActiveCfg = Debug|Any CPU
		{DAA1F70F-F262-4596-B207-923E2FD9EEF4}.Debug|ARM.Build.0 = Debug|Any CPU
		{DAA1F70F-F262-4596-B207-923E2FD9EEF4}.Debug|ARM64.ActiveCfg = Debug|Any CPU
		{DAA1F70F-F262-4596-B207-923E2FD9EEF4}.Debug|ARM64.Build.0 = Debug|Any CPU
		{DAA1F70F-F262-4596-B207-923E2FD9EEF4}.Debug|iPhone.ActiveCfg = Debug|Any CPU
		{DAA1F70F-F262-4596-B207-923E2FD9EEF4}.Debug|iPhone.Build.0 = Debug|Any CPU
		{DAA1F70F-F262-4596-B207-923E2FD9EEF4}.Debug|iPhoneSimulator.ActiveCfg = Debug|Any CPU
		{DAA1F70F-F262-4596-B207-923E2FD9EEF4}.Debug|iPhoneSimulator.Build.0 = Debug|Any CPU
		{DAA1F70F-F262-4596-B207-923E2FD9EEF4}.Debug|x64.ActiveCfg = Debug|Any CPU
		{DAA1F70F-F262-4596-B207-923E2FD9EEF4}.Debug|x64.Build.0 = Debug|Any CPU
		{DAA1F70F-F262-4596-B207-923E2FD9EEF4}.Debug|x86.ActiveCfg = Debug|Any CPU
		{DAA1F70F-F262-4596-B207-923E2FD9EEF4}.Debug|x86.Build.0 = Debug|Any CPU
		{DAA1F70F-F262-4596-B207-923E2FD9EEF4}.Release|Any CPU.ActiveCfg = Release|Any CPU
		{DAA1F70F-F262-4596-B207-923E2FD9EEF4}.Release|Any CPU.Build.0 = Release|Any CPU
		{DAA1F70F-F262-4596-B207-923E2FD9EEF4}.Release|ARM.ActiveCfg = Release|Any CPU
		{DAA1F70F-F262-4596-B207-923E2FD9EEF4}.Release|ARM.Build.0 = Release|Any CPU
		{DAA1F70F-F262-4596-B207-923E2FD9EEF4}.Release|ARM64.ActiveCfg = Release|Any CPU
		{DAA1F70F-F262-4596-B207-923E2FD9EEF4}.Release|ARM64.Build.0 = Release|Any CPU
		{DAA1F70F-F262-4596-B207-923E2FD9EEF4}.Release|iPhone.ActiveCfg = Release|Any CPU
		{DAA1F70F-F262-4596-B207-923E2FD9EEF4}.Release|iPhone.Build.0 = Release|Any CPU
		{DAA1F70F-F262-4596-B207-923E2FD9EEF4}.Release|iPhoneSimulator.ActiveCfg = Release|Any CPU
		{DAA1F70F-F262-4596-B207-923E2FD9EEF4}.Release|iPhoneSimulator.Build.0 = Release|Any CPU
		{DAA1F70F-F262-4596-B207-923E2FD9EEF4}.Release|x64.ActiveCfg = Release|Any CPU
		{DAA1F70F-F262-4596-B207-923E2FD9EEF4}.Release|x64.Build.0 = Release|Any CPU
		{DAA1F70F-F262-4596-B207-923E2FD9EEF4}.Release|x86.ActiveCfg = Release|Any CPU
		{DAA1F70F-F262-4596-B207-923E2FD9EEF4}.Release|x86.Build.0 = Release|Any CPU
		{88B2EB26-2295-41FC-9213-031F20EA12C9}.Ad-Hoc|Any CPU.ActiveCfg = Debug|Any CPU
		{88B2EB26-2295-41FC-9213-031F20EA12C9}.Ad-Hoc|Any CPU.Build.0 = Debug|Any CPU
		{88B2EB26-2295-41FC-9213-031F20EA12C9}.Ad-Hoc|ARM.ActiveCfg = Debug|Any CPU
		{88B2EB26-2295-41FC-9213-031F20EA12C9}.Ad-Hoc|ARM.Build.0 = Debug|Any CPU
		{88B2EB26-2295-41FC-9213-031F20EA12C9}.Ad-Hoc|ARM64.ActiveCfg = Debug|Any CPU
		{88B2EB26-2295-41FC-9213-031F20EA12C9}.Ad-Hoc|ARM64.Build.0 = Debug|Any CPU
		{88B2EB26-2295-41FC-9213-031F20EA12C9}.Ad-Hoc|iPhone.ActiveCfg = Debug|Any CPU
		{88B2EB26-2295-41FC-9213-031F20EA12C9}.Ad-Hoc|iPhone.Build.0 = Debug|Any CPU
		{88B2EB26-2295-41FC-9213-031F20EA12C9}.Ad-Hoc|iPhoneSimulator.ActiveCfg = Debug|Any CPU
		{88B2EB26-2295-41FC-9213-031F20EA12C9}.Ad-Hoc|iPhoneSimulator.Build.0 = Debug|Any CPU
		{88B2EB26-2295-41FC-9213-031F20EA12C9}.Ad-Hoc|x64.ActiveCfg = Debug|Any CPU
		{88B2EB26-2295-41FC-9213-031F20EA12C9}.Ad-Hoc|x64.Build.0 = Debug|Any CPU
		{88B2EB26-2295-41FC-9213-031F20EA12C9}.Ad-Hoc|x86.ActiveCfg = Debug|Any CPU
		{88B2EB26-2295-41FC-9213-031F20EA12C9}.Ad-Hoc|x86.Build.0 = Debug|Any CPU
		{88B2EB26-2295-41FC-9213-031F20EA12C9}.AppStore|Any CPU.ActiveCfg = Debug|Any CPU
		{88B2EB26-2295-41FC-9213-031F20EA12C9}.AppStore|Any CPU.Build.0 = Debug|Any CPU
		{88B2EB26-2295-41FC-9213-031F20EA12C9}.AppStore|ARM.ActiveCfg = Debug|Any CPU
		{88B2EB26-2295-41FC-9213-031F20EA12C9}.AppStore|ARM.Build.0 = Debug|Any CPU
		{88B2EB26-2295-41FC-9213-031F20EA12C9}.AppStore|ARM64.ActiveCfg = Debug|Any CPU
		{88B2EB26-2295-41FC-9213-031F20EA12C9}.AppStore|ARM64.Build.0 = Debug|Any CPU
		{88B2EB26-2295-41FC-9213-031F20EA12C9}.AppStore|iPhone.ActiveCfg = Debug|Any CPU
		{88B2EB26-2295-41FC-9213-031F20EA12C9}.AppStore|iPhone.Build.0 = Debug|Any CPU
		{88B2EB26-2295-41FC-9213-031F20EA12C9}.AppStore|iPhoneSimulator.ActiveCfg = Debug|Any CPU
		{88B2EB26-2295-41FC-9213-031F20EA12C9}.AppStore|iPhoneSimulator.Build.0 = Debug|Any CPU
		{88B2EB26-2295-41FC-9213-031F20EA12C9}.AppStore|x64.ActiveCfg = Debug|Any CPU
		{88B2EB26-2295-41FC-9213-031F20EA12C9}.AppStore|x64.Build.0 = Debug|Any CPU
		{88B2EB26-2295-41FC-9213-031F20EA12C9}.AppStore|x86.ActiveCfg = Debug|Any CPU
		{88B2EB26-2295-41FC-9213-031F20EA12C9}.AppStore|x86.Build.0 = Debug|Any CPU
		{88B2EB26-2295-41FC-9213-031F20EA12C9}.Debug|Any CPU.ActiveCfg = Debug|Any CPU
		{88B2EB26-2295-41FC-9213-031F20EA12C9}.Debug|Any CPU.Build.0 = Debug|Any CPU
		{88B2EB26-2295-41FC-9213-031F20EA12C9}.Debug|ARM.ActiveCfg = Debug|Any CPU
		{88B2EB26-2295-41FC-9213-031F20EA12C9}.Debug|ARM.Build.0 = Debug|Any CPU
		{88B2EB26-2295-41FC-9213-031F20EA12C9}.Debug|ARM64.ActiveCfg = Debug|Any CPU
		{88B2EB26-2295-41FC-9213-031F20EA12C9}.Debug|ARM64.Build.0 = Debug|Any CPU
		{88B2EB26-2295-41FC-9213-031F20EA12C9}.Debug|iPhone.ActiveCfg = Debug|Any CPU
		{88B2EB26-2295-41FC-9213-031F20EA12C9}.Debug|iPhone.Build.0 = Debug|Any CPU
		{88B2EB26-2295-41FC-9213-031F20EA12C9}.Debug|iPhoneSimulator.ActiveCfg = Debug|Any CPU
		{88B2EB26-2295-41FC-9213-031F20EA12C9}.Debug|iPhoneSimulator.Build.0 = Debug|Any CPU
		{88B2EB26-2295-41FC-9213-031F20EA12C9}.Debug|x64.ActiveCfg = Debug|Any CPU
		{88B2EB26-2295-41FC-9213-031F20EA12C9}.Debug|x64.Build.0 = Debug|Any CPU
		{88B2EB26-2295-41FC-9213-031F20EA12C9}.Debug|x86.ActiveCfg = Debug|Any CPU
		{88B2EB26-2295-41FC-9213-031F20EA12C9}.Debug|x86.Build.0 = Debug|Any CPU
		{88B2EB26-2295-41FC-9213-031F20EA12C9}.Release|Any CPU.ActiveCfg = Release|Any CPU
		{88B2EB26-2295-41FC-9213-031F20EA12C9}.Release|Any CPU.Build.0 = Release|Any CPU
		{88B2EB26-2295-41FC-9213-031F20EA12C9}.Release|ARM.ActiveCfg = Release|Any CPU
		{88B2EB26-2295-41FC-9213-031F20EA12C9}.Release|ARM.Build.0 = Release|Any CPU
		{88B2EB26-2295-41FC-9213-031F20EA12C9}.Release|ARM64.ActiveCfg = Release|Any CPU
		{88B2EB26-2295-41FC-9213-031F20EA12C9}.Release|ARM64.Build.0 = Release|Any CPU
		{88B2EB26-2295-41FC-9213-031F20EA12C9}.Release|iPhone.ActiveCfg = Release|Any CPU
		{88B2EB26-2295-41FC-9213-031F20EA12C9}.Release|iPhone.Build.0 = Release|Any CPU
		{88B2EB26-2295-41FC-9213-031F20EA12C9}.Release|iPhoneSimulator.ActiveCfg = Release|Any CPU
		{88B2EB26-2295-41FC-9213-031F20EA12C9}.Release|iPhoneSimulator.Build.0 = Release|Any CPU
		{88B2EB26-2295-41FC-9213-031F20EA12C9}.Release|x64.ActiveCfg = Release|Any CPU
		{88B2EB26-2295-41FC-9213-031F20EA12C9}.Release|x64.Build.0 = Release|Any CPU
		{88B2EB26-2295-41FC-9213-031F20EA12C9}.Release|x86.ActiveCfg = Release|Any CPU
		{88B2EB26-2295-41FC-9213-031F20EA12C9}.Release|x86.Build.0 = Release|Any CPU
		{6DFF346E-1FAC-4D7A-989A-2DEE96E2886C}.Ad-Hoc|Any CPU.ActiveCfg = Debug|Any CPU
		{6DFF346E-1FAC-4D7A-989A-2DEE96E2886C}.Ad-Hoc|Any CPU.Build.0 = Debug|Any CPU
		{6DFF346E-1FAC-4D7A-989A-2DEE96E2886C}.Ad-Hoc|ARM.ActiveCfg = Debug|Any CPU
		{6DFF346E-1FAC-4D7A-989A-2DEE96E2886C}.Ad-Hoc|ARM.Build.0 = Debug|Any CPU
		{6DFF346E-1FAC-4D7A-989A-2DEE96E2886C}.Ad-Hoc|ARM64.ActiveCfg = Debug|Any CPU
		{6DFF346E-1FAC-4D7A-989A-2DEE96E2886C}.Ad-Hoc|ARM64.Build.0 = Debug|Any CPU
		{6DFF346E-1FAC-4D7A-989A-2DEE96E2886C}.Ad-Hoc|iPhone.ActiveCfg = Debug|Any CPU
		{6DFF346E-1FAC-4D7A-989A-2DEE96E2886C}.Ad-Hoc|iPhone.Build.0 = Debug|Any CPU
		{6DFF346E-1FAC-4D7A-989A-2DEE96E2886C}.Ad-Hoc|iPhoneSimulator.ActiveCfg = Debug|Any CPU
		{6DFF346E-1FAC-4D7A-989A-2DEE96E2886C}.Ad-Hoc|iPhoneSimulator.Build.0 = Debug|Any CPU
		{6DFF346E-1FAC-4D7A-989A-2DEE96E2886C}.Ad-Hoc|x64.ActiveCfg = Debug|Any CPU
		{6DFF346E-1FAC-4D7A-989A-2DEE96E2886C}.Ad-Hoc|x64.Build.0 = Debug|Any CPU
		{6DFF346E-1FAC-4D7A-989A-2DEE96E2886C}.Ad-Hoc|x86.ActiveCfg = Debug|Any CPU
		{6DFF346E-1FAC-4D7A-989A-2DEE96E2886C}.Ad-Hoc|x86.Build.0 = Debug|Any CPU
		{6DFF346E-1FAC-4D7A-989A-2DEE96E2886C}.AppStore|Any CPU.ActiveCfg = Debug|Any CPU
		{6DFF346E-1FAC-4D7A-989A-2DEE96E2886C}.AppStore|Any CPU.Build.0 = Debug|Any CPU
		{6DFF346E-1FAC-4D7A-989A-2DEE96E2886C}.AppStore|ARM.ActiveCfg = Debug|Any CPU
		{6DFF346E-1FAC-4D7A-989A-2DEE96E2886C}.AppStore|ARM.Build.0 = Debug|Any CPU
		{6DFF346E-1FAC-4D7A-989A-2DEE96E2886C}.AppStore|ARM64.ActiveCfg = Debug|Any CPU
		{6DFF346E-1FAC-4D7A-989A-2DEE96E2886C}.AppStore|ARM64.Build.0 = Debug|Any CPU
		{6DFF346E-1FAC-4D7A-989A-2DEE96E2886C}.AppStore|iPhone.ActiveCfg = Debug|Any CPU
		{6DFF346E-1FAC-4D7A-989A-2DEE96E2886C}.AppStore|iPhone.Build.0 = Debug|Any CPU
		{6DFF346E-1FAC-4D7A-989A-2DEE96E2886C}.AppStore|iPhoneSimulator.ActiveCfg = Debug|Any CPU
		{6DFF346E-1FAC-4D7A-989A-2DEE96E2886C}.AppStore|iPhoneSimulator.Build.0 = Debug|Any CPU
		{6DFF346E-1FAC-4D7A-989A-2DEE96E2886C}.AppStore|x64.ActiveCfg = Debug|Any CPU
		{6DFF346E-1FAC-4D7A-989A-2DEE96E2886C}.AppStore|x64.Build.0 = Debug|Any CPU
		{6DFF346E-1FAC-4D7A-989A-2DEE96E2886C}.AppStore|x86.ActiveCfg = Debug|Any CPU
		{6DFF346E-1FAC-4D7A-989A-2DEE96E2886C}.AppStore|x86.Build.0 = Debug|Any CPU
		{6DFF346E-1FAC-4D7A-989A-2DEE96E2886C}.Debug|Any CPU.ActiveCfg = Debug|Any CPU
		{6DFF346E-1FAC-4D7A-989A-2DEE96E2886C}.Debug|Any CPU.Build.0 = Debug|Any CPU
		{6DFF346E-1FAC-4D7A-989A-2DEE96E2886C}.Debug|ARM.ActiveCfg = Debug|Any CPU
		{6DFF346E-1FAC-4D7A-989A-2DEE96E2886C}.Debug|ARM.Build.0 = Debug|Any CPU
		{6DFF346E-1FAC-4D7A-989A-2DEE96E2886C}.Debug|ARM64.ActiveCfg = Debug|Any CPU
		{6DFF346E-1FAC-4D7A-989A-2DEE96E2886C}.Debug|ARM64.Build.0 = Debug|Any CPU
		{6DFF346E-1FAC-4D7A-989A-2DEE96E2886C}.Debug|iPhone.ActiveCfg = Debug|Any CPU
		{6DFF346E-1FAC-4D7A-989A-2DEE96E2886C}.Debug|iPhone.Build.0 = Debug|Any CPU
		{6DFF346E-1FAC-4D7A-989A-2DEE96E2886C}.Debug|iPhoneSimulator.ActiveCfg = Debug|Any CPU
		{6DFF346E-1FAC-4D7A-989A-2DEE96E2886C}.Debug|iPhoneSimulator.Build.0 = Debug|Any CPU
		{6DFF346E-1FAC-4D7A-989A-2DEE96E2886C}.Debug|x64.ActiveCfg = Debug|Any CPU
		{6DFF346E-1FAC-4D7A-989A-2DEE96E2886C}.Debug|x64.Build.0 = Debug|Any CPU
		{6DFF346E-1FAC-4D7A-989A-2DEE96E2886C}.Debug|x86.ActiveCfg = Debug|Any CPU
		{6DFF346E-1FAC-4D7A-989A-2DEE96E2886C}.Debug|x86.Build.0 = Debug|Any CPU
		{6DFF346E-1FAC-4D7A-989A-2DEE96E2886C}.Release|Any CPU.ActiveCfg = Release|Any CPU
		{6DFF346E-1FAC-4D7A-989A-2DEE96E2886C}.Release|Any CPU.Build.0 = Release|Any CPU
		{6DFF346E-1FAC-4D7A-989A-2DEE96E2886C}.Release|ARM.ActiveCfg = Release|Any CPU
		{6DFF346E-1FAC-4D7A-989A-2DEE96E2886C}.Release|ARM.Build.0 = Release|Any CPU
		{6DFF346E-1FAC-4D7A-989A-2DEE96E2886C}.Release|ARM64.ActiveCfg = Release|Any CPU
		{6DFF346E-1FAC-4D7A-989A-2DEE96E2886C}.Release|ARM64.Build.0 = Release|Any CPU
		{6DFF346E-1FAC-4D7A-989A-2DEE96E2886C}.Release|iPhone.ActiveCfg = Release|Any CPU
		{6DFF346E-1FAC-4D7A-989A-2DEE96E2886C}.Release|iPhone.Build.0 = Release|Any CPU
		{6DFF346E-1FAC-4D7A-989A-2DEE96E2886C}.Release|iPhoneSimulator.ActiveCfg = Release|Any CPU
		{6DFF346E-1FAC-4D7A-989A-2DEE96E2886C}.Release|iPhoneSimulator.Build.0 = Release|Any CPU
		{6DFF346E-1FAC-4D7A-989A-2DEE96E2886C}.Release|x64.ActiveCfg = Release|Any CPU
		{6DFF346E-1FAC-4D7A-989A-2DEE96E2886C}.Release|x64.Build.0 = Release|Any CPU
		{6DFF346E-1FAC-4D7A-989A-2DEE96E2886C}.Release|x86.ActiveCfg = Release|Any CPU
		{6DFF346E-1FAC-4D7A-989A-2DEE96E2886C}.Release|x86.Build.0 = Release|Any CPU
		{346350B2-63BF-4F01-9B26-30D11A8EAD89}.Ad-Hoc|Any CPU.ActiveCfg = Debug|Any CPU
		{346350B2-63BF-4F01-9B26-30D11A8EAD89}.Ad-Hoc|Any CPU.Build.0 = Debug|Any CPU
		{346350B2-63BF-4F01-9B26-30D11A8EAD89}.Ad-Hoc|ARM.ActiveCfg = Debug|Any CPU
		{346350B2-63BF-4F01-9B26-30D11A8EAD89}.Ad-Hoc|ARM.Build.0 = Debug|Any CPU
		{346350B2-63BF-4F01-9B26-30D11A8EAD89}.Ad-Hoc|ARM64.ActiveCfg = Debug|Any CPU
		{346350B2-63BF-4F01-9B26-30D11A8EAD89}.Ad-Hoc|ARM64.Build.0 = Debug|Any CPU
		{346350B2-63BF-4F01-9B26-30D11A8EAD89}.Ad-Hoc|iPhone.ActiveCfg = Debug|Any CPU
		{346350B2-63BF-4F01-9B26-30D11A8EAD89}.Ad-Hoc|iPhone.Build.0 = Debug|Any CPU
		{346350B2-63BF-4F01-9B26-30D11A8EAD89}.Ad-Hoc|iPhoneSimulator.ActiveCfg = Debug|Any CPU
		{346350B2-63BF-4F01-9B26-30D11A8EAD89}.Ad-Hoc|iPhoneSimulator.Build.0 = Debug|Any CPU
		{346350B2-63BF-4F01-9B26-30D11A8EAD89}.Ad-Hoc|x64.ActiveCfg = Debug|Any CPU
		{346350B2-63BF-4F01-9B26-30D11A8EAD89}.Ad-Hoc|x64.Build.0 = Debug|Any CPU
		{346350B2-63BF-4F01-9B26-30D11A8EAD89}.Ad-Hoc|x86.ActiveCfg = Debug|Any CPU
		{346350B2-63BF-4F01-9B26-30D11A8EAD89}.Ad-Hoc|x86.Build.0 = Debug|Any CPU
		{346350B2-63BF-4F01-9B26-30D11A8EAD89}.AppStore|Any CPU.ActiveCfg = Debug|Any CPU
		{346350B2-63BF-4F01-9B26-30D11A8EAD89}.AppStore|Any CPU.Build.0 = Debug|Any CPU
		{346350B2-63BF-4F01-9B26-30D11A8EAD89}.AppStore|ARM.ActiveCfg = Debug|Any CPU
		{346350B2-63BF-4F01-9B26-30D11A8EAD89}.AppStore|ARM.Build.0 = Debug|Any CPU
		{346350B2-63BF-4F01-9B26-30D11A8EAD89}.AppStore|ARM64.ActiveCfg = Debug|Any CPU
		{346350B2-63BF-4F01-9B26-30D11A8EAD89}.AppStore|ARM64.Build.0 = Debug|Any CPU
		{346350B2-63BF-4F01-9B26-30D11A8EAD89}.AppStore|iPhone.ActiveCfg = Debug|Any CPU
		{346350B2-63BF-4F01-9B26-30D11A8EAD89}.AppStore|iPhone.Build.0 = Debug|Any CPU
		{346350B2-63BF-4F01-9B26-30D11A8EAD89}.AppStore|iPhoneSimulator.ActiveCfg = Debug|Any CPU
		{346350B2-63BF-4F01-9B26-30D11A8EAD89}.AppStore|iPhoneSimulator.Build.0 = Debug|Any CPU
		{346350B2-63BF-4F01-9B26-30D11A8EAD89}.AppStore|x64.ActiveCfg = Debug|Any CPU
		{346350B2-63BF-4F01-9B26-30D11A8EAD89}.AppStore|x64.Build.0 = Debug|Any CPU
		{346350B2-63BF-4F01-9B26-30D11A8EAD89}.AppStore|x86.ActiveCfg = Debug|Any CPU
		{346350B2-63BF-4F01-9B26-30D11A8EAD89}.AppStore|x86.Build.0 = Debug|Any CPU
		{346350B2-63BF-4F01-9B26-30D11A8EAD89}.Debug|Any CPU.ActiveCfg = Debug|Any CPU
		{346350B2-63BF-4F01-9B26-30D11A8EAD89}.Debug|Any CPU.Build.0 = Debug|Any CPU
		{346350B2-63BF-4F01-9B26-30D11A8EAD89}.Debug|ARM.ActiveCfg = Debug|Any CPU
		{346350B2-63BF-4F01-9B26-30D11A8EAD89}.Debug|ARM.Build.0 = Debug|Any CPU
		{346350B2-63BF-4F01-9B26-30D11A8EAD89}.Debug|ARM64.ActiveCfg = Debug|Any CPU
		{346350B2-63BF-4F01-9B26-30D11A8EAD89}.Debug|ARM64.Build.0 = Debug|Any CPU
		{346350B2-63BF-4F01-9B26-30D11A8EAD89}.Debug|iPhone.ActiveCfg = Debug|Any CPU
		{346350B2-63BF-4F01-9B26-30D11A8EAD89}.Debug|iPhone.Build.0 = Debug|Any CPU
		{346350B2-63BF-4F01-9B26-30D11A8EAD89}.Debug|iPhoneSimulator.ActiveCfg = Debug|Any CPU
		{346350B2-63BF-4F01-9B26-30D11A8EAD89}.Debug|iPhoneSimulator.Build.0 = Debug|Any CPU
		{346350B2-63BF-4F01-9B26-30D11A8EAD89}.Debug|x64.ActiveCfg = Debug|Any CPU
		{346350B2-63BF-4F01-9B26-30D11A8EAD89}.Debug|x64.Build.0 = Debug|Any CPU
		{346350B2-63BF-4F01-9B26-30D11A8EAD89}.Debug|x86.ActiveCfg = Debug|Any CPU
		{346350B2-63BF-4F01-9B26-30D11A8EAD89}.Debug|x86.Build.0 = Debug|Any CPU
		{346350B2-63BF-4F01-9B26-30D11A8EAD89}.Release|Any CPU.ActiveCfg = Release|Any CPU
		{346350B2-63BF-4F01-9B26-30D11A8EAD89}.Release|Any CPU.Build.0 = Release|Any CPU
		{346350B2-63BF-4F01-9B26-30D11A8EAD89}.Release|ARM.ActiveCfg = Release|Any CPU
		{346350B2-63BF-4F01-9B26-30D11A8EAD89}.Release|ARM.Build.0 = Release|Any CPU
		{346350B2-63BF-4F01-9B26-30D11A8EAD89}.Release|ARM64.ActiveCfg = Release|Any CPU
		{346350B2-63BF-4F01-9B26-30D11A8EAD89}.Release|ARM64.Build.0 = Release|Any CPU
		{346350B2-63BF-4F01-9B26-30D11A8EAD89}.Release|iPhone.ActiveCfg = Release|Any CPU
		{346350B2-63BF-4F01-9B26-30D11A8EAD89}.Release|iPhone.Build.0 = Release|Any CPU
		{346350B2-63BF-4F01-9B26-30D11A8EAD89}.Release|iPhoneSimulator.ActiveCfg = Release|Any CPU
		{346350B2-63BF-4F01-9B26-30D11A8EAD89}.Release|iPhoneSimulator.Build.0 = Release|Any CPU
		{346350B2-63BF-4F01-9B26-30D11A8EAD89}.Release|x64.ActiveCfg = Release|Any CPU
		{346350B2-63BF-4F01-9B26-30D11A8EAD89}.Release|x64.Build.0 = Release|Any CPU
		{346350B2-63BF-4F01-9B26-30D11A8EAD89}.Release|x86.ActiveCfg = Release|Any CPU
		{346350B2-63BF-4F01-9B26-30D11A8EAD89}.Release|x86.Build.0 = Release|Any CPU
		{B50407AB-0A1D-4B77-8B64-1BE0511551EC}.Ad-Hoc|Any CPU.ActiveCfg = Debug|Any CPU
		{B50407AB-0A1D-4B77-8B64-1BE0511551EC}.Ad-Hoc|Any CPU.Build.0 = Debug|Any CPU
		{B50407AB-0A1D-4B77-8B64-1BE0511551EC}.Ad-Hoc|ARM.ActiveCfg = Debug|Any CPU
		{B50407AB-0A1D-4B77-8B64-1BE0511551EC}.Ad-Hoc|ARM.Build.0 = Debug|Any CPU
		{B50407AB-0A1D-4B77-8B64-1BE0511551EC}.Ad-Hoc|ARM64.ActiveCfg = Debug|Any CPU
		{B50407AB-0A1D-4B77-8B64-1BE0511551EC}.Ad-Hoc|ARM64.Build.0 = Debug|Any CPU
		{B50407AB-0A1D-4B77-8B64-1BE0511551EC}.Ad-Hoc|iPhone.ActiveCfg = Debug|Any CPU
		{B50407AB-0A1D-4B77-8B64-1BE0511551EC}.Ad-Hoc|iPhone.Build.0 = Debug|Any CPU
		{B50407AB-0A1D-4B77-8B64-1BE0511551EC}.Ad-Hoc|iPhoneSimulator.ActiveCfg = Debug|Any CPU
		{B50407AB-0A1D-4B77-8B64-1BE0511551EC}.Ad-Hoc|iPhoneSimulator.Build.0 = Debug|Any CPU
		{B50407AB-0A1D-4B77-8B64-1BE0511551EC}.Ad-Hoc|x64.ActiveCfg = Debug|Any CPU
		{B50407AB-0A1D-4B77-8B64-1BE0511551EC}.Ad-Hoc|x64.Build.0 = Debug|Any CPU
		{B50407AB-0A1D-4B77-8B64-1BE0511551EC}.Ad-Hoc|x86.ActiveCfg = Debug|Any CPU
		{B50407AB-0A1D-4B77-8B64-1BE0511551EC}.Ad-Hoc|x86.Build.0 = Debug|Any CPU
		{B50407AB-0A1D-4B77-8B64-1BE0511551EC}.AppStore|Any CPU.ActiveCfg = Debug|Any CPU
		{B50407AB-0A1D-4B77-8B64-1BE0511551EC}.AppStore|Any CPU.Build.0 = Debug|Any CPU
		{B50407AB-0A1D-4B77-8B64-1BE0511551EC}.AppStore|ARM.ActiveCfg = Debug|Any CPU
		{B50407AB-0A1D-4B77-8B64-1BE0511551EC}.AppStore|ARM.Build.0 = Debug|Any CPU
		{B50407AB-0A1D-4B77-8B64-1BE0511551EC}.AppStore|ARM64.ActiveCfg = Debug|Any CPU
		{B50407AB-0A1D-4B77-8B64-1BE0511551EC}.AppStore|ARM64.Build.0 = Debug|Any CPU
		{B50407AB-0A1D-4B77-8B64-1BE0511551EC}.AppStore|iPhone.ActiveCfg = Debug|Any CPU
		{B50407AB-0A1D-4B77-8B64-1BE0511551EC}.AppStore|iPhone.Build.0 = Debug|Any CPU
		{B50407AB-0A1D-4B77-8B64-1BE0511551EC}.AppStore|iPhoneSimulator.ActiveCfg = Debug|Any CPU
		{B50407AB-0A1D-4B77-8B64-1BE0511551EC}.AppStore|iPhoneSimulator.Build.0 = Debug|Any CPU
		{B50407AB-0A1D-4B77-8B64-1BE0511551EC}.AppStore|x64.ActiveCfg = Debug|Any CPU
		{B50407AB-0A1D-4B77-8B64-1BE0511551EC}.AppStore|x64.Build.0 = Debug|Any CPU
		{B50407AB-0A1D-4B77-8B64-1BE0511551EC}.AppStore|x86.ActiveCfg = Debug|Any CPU
		{B50407AB-0A1D-4B77-8B64-1BE0511551EC}.AppStore|x86.Build.0 = Debug|Any CPU
		{B50407AB-0A1D-4B77-8B64-1BE0511551EC}.Debug|Any CPU.ActiveCfg = Debug|Any CPU
		{B50407AB-0A1D-4B77-8B64-1BE0511551EC}.Debug|Any CPU.Build.0 = Debug|Any CPU
		{B50407AB-0A1D-4B77-8B64-1BE0511551EC}.Debug|ARM.ActiveCfg = Debug|Any CPU
		{B50407AB-0A1D-4B77-8B64-1BE0511551EC}.Debug|ARM.Build.0 = Debug|Any CPU
		{B50407AB-0A1D-4B77-8B64-1BE0511551EC}.Debug|ARM64.ActiveCfg = Debug|Any CPU
		{B50407AB-0A1D-4B77-8B64-1BE0511551EC}.Debug|ARM64.Build.0 = Debug|Any CPU
		{B50407AB-0A1D-4B77-8B64-1BE0511551EC}.Debug|iPhone.ActiveCfg = Debug|Any CPU
		{B50407AB-0A1D-4B77-8B64-1BE0511551EC}.Debug|iPhone.Build.0 = Debug|Any CPU
		{B50407AB-0A1D-4B77-8B64-1BE0511551EC}.Debug|iPhoneSimulator.ActiveCfg = Debug|Any CPU
		{B50407AB-0A1D-4B77-8B64-1BE0511551EC}.Debug|iPhoneSimulator.Build.0 = Debug|Any CPU
		{B50407AB-0A1D-4B77-8B64-1BE0511551EC}.Debug|x64.ActiveCfg = Debug|Any CPU
		{B50407AB-0A1D-4B77-8B64-1BE0511551EC}.Debug|x64.Build.0 = Debug|Any CPU
		{B50407AB-0A1D-4B77-8B64-1BE0511551EC}.Debug|x86.ActiveCfg = Debug|Any CPU
		{B50407AB-0A1D-4B77-8B64-1BE0511551EC}.Debug|x86.Build.0 = Debug|Any CPU
		{B50407AB-0A1D-4B77-8B64-1BE0511551EC}.Release|Any CPU.ActiveCfg = Release|Any CPU
		{B50407AB-0A1D-4B77-8B64-1BE0511551EC}.Release|Any CPU.Build.0 = Release|Any CPU
		{B50407AB-0A1D-4B77-8B64-1BE0511551EC}.Release|ARM.ActiveCfg = Release|Any CPU
		{B50407AB-0A1D-4B77-8B64-1BE0511551EC}.Release|ARM.Build.0 = Release|Any CPU
		{B50407AB-0A1D-4B77-8B64-1BE0511551EC}.Release|ARM64.ActiveCfg = Release|Any CPU
		{B50407AB-0A1D-4B77-8B64-1BE0511551EC}.Release|ARM64.Build.0 = Release|Any CPU
		{B50407AB-0A1D-4B77-8B64-1BE0511551EC}.Release|iPhone.ActiveCfg = Release|Any CPU
		{B50407AB-0A1D-4B77-8B64-1BE0511551EC}.Release|iPhone.Build.0 = Release|Any CPU
		{B50407AB-0A1D-4B77-8B64-1BE0511551EC}.Release|iPhoneSimulator.ActiveCfg = Release|Any CPU
		{B50407AB-0A1D-4B77-8B64-1BE0511551EC}.Release|iPhoneSimulator.Build.0 = Release|Any CPU
		{B50407AB-0A1D-4B77-8B64-1BE0511551EC}.Release|x64.ActiveCfg = Release|Any CPU
		{B50407AB-0A1D-4B77-8B64-1BE0511551EC}.Release|x64.Build.0 = Release|Any CPU
		{B50407AB-0A1D-4B77-8B64-1BE0511551EC}.Release|x86.ActiveCfg = Release|Any CPU
		{B50407AB-0A1D-4B77-8B64-1BE0511551EC}.Release|x86.Build.0 = Release|Any CPU
		{18C96C9B-3560-4172-97EC-86C54E00F3CB}.Ad-Hoc|Any CPU.ActiveCfg = Debug|Any CPU
		{18C96C9B-3560-4172-97EC-86C54E00F3CB}.Ad-Hoc|Any CPU.Build.0 = Debug|Any CPU
		{18C96C9B-3560-4172-97EC-86C54E00F3CB}.Ad-Hoc|ARM.ActiveCfg = Debug|Any CPU
		{18C96C9B-3560-4172-97EC-86C54E00F3CB}.Ad-Hoc|ARM.Build.0 = Debug|Any CPU
		{18C96C9B-3560-4172-97EC-86C54E00F3CB}.Ad-Hoc|ARM64.ActiveCfg = Debug|Any CPU
		{18C96C9B-3560-4172-97EC-86C54E00F3CB}.Ad-Hoc|ARM64.Build.0 = Debug|Any CPU
		{18C96C9B-3560-4172-97EC-86C54E00F3CB}.Ad-Hoc|iPhone.ActiveCfg = Debug|Any CPU
		{18C96C9B-3560-4172-97EC-86C54E00F3CB}.Ad-Hoc|iPhone.Build.0 = Debug|Any CPU
		{18C96C9B-3560-4172-97EC-86C54E00F3CB}.Ad-Hoc|iPhoneSimulator.ActiveCfg = Debug|Any CPU
		{18C96C9B-3560-4172-97EC-86C54E00F3CB}.Ad-Hoc|iPhoneSimulator.Build.0 = Debug|Any CPU
		{18C96C9B-3560-4172-97EC-86C54E00F3CB}.Ad-Hoc|x64.ActiveCfg = Debug|Any CPU
		{18C96C9B-3560-4172-97EC-86C54E00F3CB}.Ad-Hoc|x64.Build.0 = Debug|Any CPU
		{18C96C9B-3560-4172-97EC-86C54E00F3CB}.Ad-Hoc|x86.ActiveCfg = Debug|Any CPU
		{18C96C9B-3560-4172-97EC-86C54E00F3CB}.Ad-Hoc|x86.Build.0 = Debug|Any CPU
		{18C96C9B-3560-4172-97EC-86C54E00F3CB}.AppStore|Any CPU.ActiveCfg = Debug|Any CPU
		{18C96C9B-3560-4172-97EC-86C54E00F3CB}.AppStore|Any CPU.Build.0 = Debug|Any CPU
		{18C96C9B-3560-4172-97EC-86C54E00F3CB}.AppStore|ARM.ActiveCfg = Debug|Any CPU
		{18C96C9B-3560-4172-97EC-86C54E00F3CB}.AppStore|ARM.Build.0 = Debug|Any CPU
		{18C96C9B-3560-4172-97EC-86C54E00F3CB}.AppStore|ARM64.ActiveCfg = Debug|Any CPU
		{18C96C9B-3560-4172-97EC-86C54E00F3CB}.AppStore|ARM64.Build.0 = Debug|Any CPU
		{18C96C9B-3560-4172-97EC-86C54E00F3CB}.AppStore|iPhone.ActiveCfg = Debug|Any CPU
		{18C96C9B-3560-4172-97EC-86C54E00F3CB}.AppStore|iPhone.Build.0 = Debug|Any CPU
		{18C96C9B-3560-4172-97EC-86C54E00F3CB}.AppStore|iPhoneSimulator.ActiveCfg = Debug|Any CPU
		{18C96C9B-3560-4172-97EC-86C54E00F3CB}.AppStore|iPhoneSimulator.Build.0 = Debug|Any CPU
		{18C96C9B-3560-4172-97EC-86C54E00F3CB}.AppStore|x64.ActiveCfg = Debug|Any CPU
		{18C96C9B-3560-4172-97EC-86C54E00F3CB}.AppStore|x64.Build.0 = Debug|Any CPU
		{18C96C9B-3560-4172-97EC-86C54E00F3CB}.AppStore|x86.ActiveCfg = Debug|Any CPU
		{18C96C9B-3560-4172-97EC-86C54E00F3CB}.AppStore|x86.Build.0 = Debug|Any CPU
		{18C96C9B-3560-4172-97EC-86C54E00F3CB}.Debug|Any CPU.ActiveCfg = Debug|Any CPU
		{18C96C9B-3560-4172-97EC-86C54E00F3CB}.Debug|Any CPU.Build.0 = Debug|Any CPU
		{18C96C9B-3560-4172-97EC-86C54E00F3CB}.Debug|ARM.ActiveCfg = Debug|Any CPU
		{18C96C9B-3560-4172-97EC-86C54E00F3CB}.Debug|ARM.Build.0 = Debug|Any CPU
		{18C96C9B-3560-4172-97EC-86C54E00F3CB}.Debug|ARM64.ActiveCfg = Debug|Any CPU
		{18C96C9B-3560-4172-97EC-86C54E00F3CB}.Debug|ARM64.Build.0 = Debug|Any CPU
		{18C96C9B-3560-4172-97EC-86C54E00F3CB}.Debug|iPhone.ActiveCfg = Debug|Any CPU
		{18C96C9B-3560-4172-97EC-86C54E00F3CB}.Debug|iPhone.Build.0 = Debug|Any CPU
		{18C96C9B-3560-4172-97EC-86C54E00F3CB}.Debug|iPhoneSimulator.ActiveCfg = Debug|Any CPU
		{18C96C9B-3560-4172-97EC-86C54E00F3CB}.Debug|iPhoneSimulator.Build.0 = Debug|Any CPU
		{18C96C9B-3560-4172-97EC-86C54E00F3CB}.Debug|x64.ActiveCfg = Debug|Any CPU
		{18C96C9B-3560-4172-97EC-86C54E00F3CB}.Debug|x64.Build.0 = Debug|Any CPU
		{18C96C9B-3560-4172-97EC-86C54E00F3CB}.Debug|x86.ActiveCfg = Debug|Any CPU
		{18C96C9B-3560-4172-97EC-86C54E00F3CB}.Debug|x86.Build.0 = Debug|Any CPU
		{18C96C9B-3560-4172-97EC-86C54E00F3CB}.Release|Any CPU.ActiveCfg = Release|Any CPU
		{18C96C9B-3560-4172-97EC-86C54E00F3CB}.Release|Any CPU.Build.0 = Release|Any CPU
		{18C96C9B-3560-4172-97EC-86C54E00F3CB}.Release|ARM.ActiveCfg = Release|Any CPU
		{18C96C9B-3560-4172-97EC-86C54E00F3CB}.Release|ARM.Build.0 = Release|Any CPU
		{18C96C9B-3560-4172-97EC-86C54E00F3CB}.Release|ARM64.ActiveCfg = Release|Any CPU
		{18C96C9B-3560-4172-97EC-86C54E00F3CB}.Release|ARM64.Build.0 = Release|Any CPU
		{18C96C9B-3560-4172-97EC-86C54E00F3CB}.Release|iPhone.ActiveCfg = Release|Any CPU
		{18C96C9B-3560-4172-97EC-86C54E00F3CB}.Release|iPhone.Build.0 = Release|Any CPU
		{18C96C9B-3560-4172-97EC-86C54E00F3CB}.Release|iPhoneSimulator.ActiveCfg = Release|Any CPU
		{18C96C9B-3560-4172-97EC-86C54E00F3CB}.Release|iPhoneSimulator.Build.0 = Release|Any CPU
		{18C96C9B-3560-4172-97EC-86C54E00F3CB}.Release|x64.ActiveCfg = Release|Any CPU
		{18C96C9B-3560-4172-97EC-86C54E00F3CB}.Release|x64.Build.0 = Release|Any CPU
		{18C96C9B-3560-4172-97EC-86C54E00F3CB}.Release|x86.ActiveCfg = Release|Any CPU
		{18C96C9B-3560-4172-97EC-86C54E00F3CB}.Release|x86.Build.0 = Release|Any CPU
		{2EAF5E26-8CD9-47C2-854B-B82BEE57BDDC}.Ad-Hoc|Any CPU.ActiveCfg = Debug|Any CPU
		{2EAF5E26-8CD9-47C2-854B-B82BEE57BDDC}.Ad-Hoc|Any CPU.Build.0 = Debug|Any CPU
		{2EAF5E26-8CD9-47C2-854B-B82BEE57BDDC}.Ad-Hoc|ARM.ActiveCfg = Debug|Any CPU
		{2EAF5E26-8CD9-47C2-854B-B82BEE57BDDC}.Ad-Hoc|ARM.Build.0 = Debug|Any CPU
		{2EAF5E26-8CD9-47C2-854B-B82BEE57BDDC}.Ad-Hoc|ARM64.ActiveCfg = Debug|Any CPU
		{2EAF5E26-8CD9-47C2-854B-B82BEE57BDDC}.Ad-Hoc|ARM64.Build.0 = Debug|Any CPU
		{2EAF5E26-8CD9-47C2-854B-B82BEE57BDDC}.Ad-Hoc|iPhone.ActiveCfg = Debug|Any CPU
		{2EAF5E26-8CD9-47C2-854B-B82BEE57BDDC}.Ad-Hoc|iPhone.Build.0 = Debug|Any CPU
		{2EAF5E26-8CD9-47C2-854B-B82BEE57BDDC}.Ad-Hoc|iPhoneSimulator.ActiveCfg = Debug|Any CPU
		{2EAF5E26-8CD9-47C2-854B-B82BEE57BDDC}.Ad-Hoc|iPhoneSimulator.Build.0 = Debug|Any CPU
		{2EAF5E26-8CD9-47C2-854B-B82BEE57BDDC}.Ad-Hoc|x64.ActiveCfg = Debug|Any CPU
		{2EAF5E26-8CD9-47C2-854B-B82BEE57BDDC}.Ad-Hoc|x64.Build.0 = Debug|Any CPU
		{2EAF5E26-8CD9-47C2-854B-B82BEE57BDDC}.Ad-Hoc|x86.ActiveCfg = Debug|Any CPU
		{2EAF5E26-8CD9-47C2-854B-B82BEE57BDDC}.Ad-Hoc|x86.Build.0 = Debug|Any CPU
		{2EAF5E26-8CD9-47C2-854B-B82BEE57BDDC}.AppStore|Any CPU.ActiveCfg = Debug|Any CPU
		{2EAF5E26-8CD9-47C2-854B-B82BEE57BDDC}.AppStore|Any CPU.Build.0 = Debug|Any CPU
		{2EAF5E26-8CD9-47C2-854B-B82BEE57BDDC}.AppStore|ARM.ActiveCfg = Debug|Any CPU
		{2EAF5E26-8CD9-47C2-854B-B82BEE57BDDC}.AppStore|ARM.Build.0 = Debug|Any CPU
		{2EAF5E26-8CD9-47C2-854B-B82BEE57BDDC}.AppStore|ARM64.ActiveCfg = Debug|Any CPU
		{2EAF5E26-8CD9-47C2-854B-B82BEE57BDDC}.AppStore|ARM64.Build.0 = Debug|Any CPU
		{2EAF5E26-8CD9-47C2-854B-B82BEE57BDDC}.AppStore|iPhone.ActiveCfg = Debug|Any CPU
		{2EAF5E26-8CD9-47C2-854B-B82BEE57BDDC}.AppStore|iPhone.Build.0 = Debug|Any CPU
		{2EAF5E26-8CD9-47C2-854B-B82BEE57BDDC}.AppStore|iPhoneSimulator.ActiveCfg = Debug|Any CPU
		{2EAF5E26-8CD9-47C2-854B-B82BEE57BDDC}.AppStore|iPhoneSimulator.Build.0 = Debug|Any CPU
		{2EAF5E26-8CD9-47C2-854B-B82BEE57BDDC}.AppStore|x64.ActiveCfg = Debug|Any CPU
		{2EAF5E26-8CD9-47C2-854B-B82BEE57BDDC}.AppStore|x64.Build.0 = Debug|Any CPU
		{2EAF5E26-8CD9-47C2-854B-B82BEE57BDDC}.AppStore|x86.ActiveCfg = Debug|Any CPU
		{2EAF5E26-8CD9-47C2-854B-B82BEE57BDDC}.AppStore|x86.Build.0 = Debug|Any CPU
		{2EAF5E26-8CD9-47C2-854B-B82BEE57BDDC}.Debug|Any CPU.ActiveCfg = Debug|Any CPU
		{2EAF5E26-8CD9-47C2-854B-B82BEE57BDDC}.Debug|Any CPU.Build.0 = Debug|Any CPU
		{2EAF5E26-8CD9-47C2-854B-B82BEE57BDDC}.Debug|ARM.ActiveCfg = Debug|Any CPU
		{2EAF5E26-8CD9-47C2-854B-B82BEE57BDDC}.Debug|ARM.Build.0 = Debug|Any CPU
		{2EAF5E26-8CD9-47C2-854B-B82BEE57BDDC}.Debug|ARM64.ActiveCfg = Debug|Any CPU
		{2EAF5E26-8CD9-47C2-854B-B82BEE57BDDC}.Debug|ARM64.Build.0 = Debug|Any CPU
		{2EAF5E26-8CD9-47C2-854B-B82BEE57BDDC}.Debug|iPhone.ActiveCfg = Debug|Any CPU
		{2EAF5E26-8CD9-47C2-854B-B82BEE57BDDC}.Debug|iPhone.Build.0 = Debug|Any CPU
		{2EAF5E26-8CD9-47C2-854B-B82BEE57BDDC}.Debug|iPhoneSimulator.ActiveCfg = Debug|Any CPU
		{2EAF5E26-8CD9-47C2-854B-B82BEE57BDDC}.Debug|iPhoneSimulator.Build.0 = Debug|Any CPU
		{2EAF5E26-8CD9-47C2-854B-B82BEE57BDDC}.Debug|x64.ActiveCfg = Debug|Any CPU
		{2EAF5E26-8CD9-47C2-854B-B82BEE57BDDC}.Debug|x64.Build.0 = Debug|Any CPU
		{2EAF5E26-8CD9-47C2-854B-B82BEE57BDDC}.Debug|x86.ActiveCfg = Debug|Any CPU
		{2EAF5E26-8CD9-47C2-854B-B82BEE57BDDC}.Debug|x86.Build.0 = Debug|Any CPU
		{2EAF5E26-8CD9-47C2-854B-B82BEE57BDDC}.Release|Any CPU.ActiveCfg = Release|Any CPU
		{2EAF5E26-8CD9-47C2-854B-B82BEE57BDDC}.Release|Any CPU.Build.0 = Release|Any CPU
		{2EAF5E26-8CD9-47C2-854B-B82BEE57BDDC}.Release|ARM.ActiveCfg = Release|Any CPU
		{2EAF5E26-8CD9-47C2-854B-B82BEE57BDDC}.Release|ARM.Build.0 = Release|Any CPU
		{2EAF5E26-8CD9-47C2-854B-B82BEE57BDDC}.Release|ARM64.ActiveCfg = Release|Any CPU
		{2EAF5E26-8CD9-47C2-854B-B82BEE57BDDC}.Release|ARM64.Build.0 = Release|Any CPU
		{2EAF5E26-8CD9-47C2-854B-B82BEE57BDDC}.Release|iPhone.ActiveCfg = Release|Any CPU
		{2EAF5E26-8CD9-47C2-854B-B82BEE57BDDC}.Release|iPhone.Build.0 = Release|Any CPU
		{2EAF5E26-8CD9-47C2-854B-B82BEE57BDDC}.Release|iPhoneSimulator.ActiveCfg = Release|Any CPU
		{2EAF5E26-8CD9-47C2-854B-B82BEE57BDDC}.Release|iPhoneSimulator.Build.0 = Release|Any CPU
		{2EAF5E26-8CD9-47C2-854B-B82BEE57BDDC}.Release|x64.ActiveCfg = Release|Any CPU
		{2EAF5E26-8CD9-47C2-854B-B82BEE57BDDC}.Release|x64.Build.0 = Release|Any CPU
		{2EAF5E26-8CD9-47C2-854B-B82BEE57BDDC}.Release|x86.ActiveCfg = Release|Any CPU
		{2EAF5E26-8CD9-47C2-854B-B82BEE57BDDC}.Release|x86.Build.0 = Release|Any CPU
	EndGlobalSection
	GlobalSection(SolutionProperties) = preSolution
		HideSolutionNode = FALSE
	EndGlobalSection
	GlobalSection(NestedProjects) = preSolution
		{6279C845-92F8-4333-AB99-3D213163593C} = {508E87FF-781A-43A8-B059-71936D8105B2}
		{57C79F15-35F5-4FED-8A4F-3D8BA235FD5C} = {508E87FF-781A-43A8-B059-71936D8105B2}
		{46F35095-12D6-4960-AA4F-7E2D7CD3981F} = {508E87FF-781A-43A8-B059-71936D8105B2}
		{0E752143-6BB4-477C-9016-08ECC5B3A2FB} = {508E87FF-781A-43A8-B059-71936D8105B2}
		{44AA17EB-24F4-4D35-A0F3-2694A949FD54} = {508E87FF-781A-43A8-B059-71936D8105B2}
		{640F7419-73FE-497B-A6FE-0AA1872AE7C0} = {508E87FF-781A-43A8-B059-71936D8105B2}
		{32E7A59F-1805-4FBF-A119-D91F50E7E65B} = {508E87FF-781A-43A8-B059-71936D8105B2}
		{6ED68706-48FF-48FF-9FA9-F0950973763D} = {508E87FF-781A-43A8-B059-71936D8105B2}
		{5FD59525-3806-46E1-84DD-63C32BFFCE30} = {508E87FF-781A-43A8-B059-71936D8105B2}
		{DAA1F70F-F262-4596-B207-923E2FD9EEF4} = {508E87FF-781A-43A8-B059-71936D8105B2}
		{6DFF346E-1FAC-4D7A-989A-2DEE96E2886C} = {FCECCCC1-0BFC-4541-B167-BDF07B353C29}
		{346350B2-63BF-4F01-9B26-30D11A8EAD89} = {FCECCCC1-0BFC-4541-B167-BDF07B353C29}
		{B50407AB-0A1D-4B77-8B64-1BE0511551EC} = {FCECCCC1-0BFC-4541-B167-BDF07B353C29}
		{18C96C9B-3560-4172-97EC-86C54E00F3CB} = {FCECCCC1-0BFC-4541-B167-BDF07B353C29}
		{2EAF5E26-8CD9-47C2-854B-B82BEE57BDDC} = {FCECCCC1-0BFC-4541-B167-BDF07B353C29}
	EndGlobalSection
	GlobalSection(ExtensibilityGlobals) = postSolution
		SolutionGuid = {B96E9E78-1D5D-4164-B1F3-57C322EA25A3}
	EndGlobalSection
EndGlobal
